<?xml version="1.0" encoding="utf-8"?>
<Project ToolsVersion="4.0" xmlns="http://schemas.microsoft.com/developer/msbuild/2003">
  <ItemGroup>
    <Filter Include="Source Files">
      <UniqueIdentifier>{00f16856-e32b-4835-a0ac-fa1e3e5096cc}</UniqueIdentifier>
      <Extensions>cpp;c;cxx;rc;def;r;odl;idl;hpj;bat</Extensions>
    </Filter>
    <Filter Include="Header Files">
      <UniqueIdentifier>{5cb815f5-6c6d-4666-9980-e29f1dff6ba6}</UniqueIdentifier>
      <Extensions>h;hpp;hxx;hm;inl</Extensions>
    </Filter>
    <Filter Include="profileSPD">
      <UniqueIdentifier>{518842f0-4d46-45a6-851d-76e6c300b85c}</UniqueIdentifier>
    </Filter>
    <Filter Include="symSparse">
      <UniqueIdentifier>{ee76a981-6443-44db-ac9c-a1b53b2b5ea0}</UniqueIdentifier>
    </Filter>
    <Filter Include="bandGEN">
      <UniqueIdentifier>{51bc8044-be64-4c51-b34a-554294ff25a4}</UniqueIdentifier>
    </Filter>
    <Filter Include="bandSPD">
      <UniqueIdentifier>{211ab88c-df06-4c14-8721-5df1acdc54de}</UniqueIdentifier>
    </Filter>
    <Filter Include="fullGEN">
      <UniqueIdentifier>{c2cc2c64-9547-4d3b-be39-4d469b0b498a}</UniqueIdentifier>
    </Filter>
    <Filter Include="umfpack">
      <UniqueIdentifier>{ccf79fac-4e93-43c3-8847-421f7cecc472}</UniqueIdentifier>
      <Extensions>.cpp; .h</Extensions>
    </Filter>
    <Filter Include="superLU">
      <UniqueIdentifier>{bcfa1891-ba29-46be-9142-ebaa29b3646a}</UniqueIdentifier>
      <Extensions>.cpp; .h</Extensions>
    </Filter>
    <Filter Include="arpack">
      <UniqueIdentifier>{8d7d37eb-b730-4461-924d-2ecab49b1688}</UniqueIdentifier>
    </Filter>
    <Filter Include="symBandEigen">
      <UniqueIdentifier>{a1fc7b67-12ea-45dc-ad19-9e5fe591ac68}</UniqueIdentifier>
    </Filter>
    <Filter Include="diagonal">
      <UniqueIdentifier>{42f2549b-3bc8-4a49-8264-271af69e31cb}</UniqueIdentifier>
    </Filter>
    <Filter Include="itpack">
      <UniqueIdentifier>{a74ab461-75b5-4afd-86f6-6fda0a8341a6}</UniqueIdentifier>
    </Filter>
    <Filter Include="ritz">
      <UniqueIdentifier>{08f1db7d-d00f-493c-98e6-e4e8c11f0784}</UniqueIdentifier>
    </Filter>
  </ItemGroup>
  <ItemGroup>
    <ClCompile Include="..\..\..\SRC\system_of_eqn\linearSOE\DomainSolver.cpp">
      <Filter>Source Files</Filter>
    </ClCompile>
    <ClCompile Include="..\..\..\SRC\system_of_eqn\eigenSOE\EigenSOE.cpp">
      <Filter>Source Files</Filter>
    </ClCompile>
    <ClCompile Include="..\..\..\SRC\system_of_eqn\eigenSOE\EigenSolver.cpp">
      <Filter>Source Files</Filter>
    </ClCompile>
    <ClCompile Include="..\..\..\SRC\system_of_eqn\linearSOE\LinearSOE.cpp">
      <Filter>Source Files</Filter>
    </ClCompile>
    <ClCompile Include="..\..\..\SRC\system_of_eqn\linearSOE\LinearSOESolver.cpp">
      <Filter>Source Files</Filter>
    </ClCompile>
    <ClCompile Include="..\..\..\SRC\system_of_eqn\Solver.cpp">
      <Filter>Source Files</Filter>
    </ClCompile>
    <ClCompile Include="..\..\..\SRC\system_of_eqn\SystemOfEqn.cpp">
      <Filter>Source Files</Filter>
    </ClCompile>
    <ClCompile Include="..\..\..\SRC\system_of_eqn\linearSOE\profileSPD\DistributedProfileSPDLinSOE.cpp">
      <Filter>profileSPD</Filter>
    </ClCompile>
    <ClCompile Include="..\..\..\SRC\system_of_eqn\linearSOE\profileSPD\ProfileSPDLinDirectSolver.cpp">
      <Filter>profileSPD</Filter>
    </ClCompile>
    <ClCompile Include="..\..\..\SRC\system_of_eqn\linearSOE\profileSPD\ProfileSPDLinSOE.cpp">
      <Filter>profileSPD</Filter>
    </ClCompile>
    <ClCompile Include="..\..\..\SRC\system_of_eqn\linearSOE\profileSPD\ProfileSPDLinSolver.cpp">
      <Filter>profileSPD</Filter>
    </ClCompile>
    <ClCompile Include="..\..\..\SRC\system_of_eqn\linearSOE\profileSPD\ProfileSPDLinSubstrSolver.cpp">
      <Filter>profileSPD</Filter>
    </ClCompile>
    <ClCompile Include="..\..\..\SRC\system_of_eqn\linearSOE\sparseSYM\SymSparseLinSOE.cpp">
      <Filter>symSparse</Filter>
    </ClCompile>
    <ClCompile Include="..\..\..\SRC\system_of_eqn\linearSOE\sparseSYM\SymSparseLinSolver.cpp">
      <Filter>symSparse</Filter>
    </ClCompile>
    <ClCompile Include="..\..\..\SRC\system_of_eqn\linearSOE\sparseSYM\grcm.c">
      <Filter>symSparse</Filter>
    </ClCompile>
    <ClCompile Include="..\..\..\SRC\system_of_eqn\linearSOE\sparseSYM\nest.c">
      <Filter>symSparse</Filter>
    </ClCompile>
    <ClCompile Include="..\..\..\SRC\system_of_eqn\linearSOE\sparseSYM\newordr.c">
      <Filter>symSparse</Filter>
    </ClCompile>
    <ClCompile Include="..\..\..\SRC\system_of_eqn\linearSOE\sparseSYM\nmat.c">
      <Filter>symSparse</Filter>
    </ClCompile>
    <ClCompile Include="..\..\..\SRC\system_of_eqn\linearSOE\sparseSYM\nnsim.c">
      <Filter>symSparse</Filter>
    </ClCompile>
    <ClCompile Include="..\..\..\SRC\system_of_eqn\linearSOE\sparseSYM\symbolic.c">
      <Filter>symSparse</Filter>
    </ClCompile>
    <ClCompile Include="..\..\..\SRC\system_of_eqn\linearSOE\sparseSYM\tim.c">
      <Filter>symSparse</Filter>
    </ClCompile>
    <ClCompile Include="..\..\..\SRC\system_of_eqn\linearSOE\sparseSYM\utility.c">
      <Filter>symSparse</Filter>
    </ClCompile>
    <ClCompile Include="..\..\..\SRC\system_of_eqn\linearSOE\bandGEN\BandGenLinLapackSolver.cpp">
      <Filter>bandGEN</Filter>
    </ClCompile>
    <ClCompile Include="..\..\..\SRC\system_of_eqn\linearSOE\bandGEN\BandGenLinSOE.cpp">
      <Filter>bandGEN</Filter>
    </ClCompile>
    <ClCompile Include="..\..\..\SRC\system_of_eqn\linearSOE\bandGEN\BandGenLinSolver.cpp">
      <Filter>bandGEN</Filter>
    </ClCompile>
    <ClCompile Include="..\..\..\SRC\system_of_eqn\linearSOE\bandGEN\DistributedBandGenLinSOE.cpp">
      <Filter>bandGEN</Filter>
    </ClCompile>
    <ClCompile Include="..\..\..\SRC\system_of_eqn\linearSOE\bandSPD\BandSPDLinLapackSolver.cpp">
      <Filter>bandSPD</Filter>
    </ClCompile>
    <ClCompile Include="..\..\..\SRC\system_of_eqn\linearSOE\bandSPD\BandSPDLinSOE.cpp">
      <Filter>bandSPD</Filter>
    </ClCompile>
    <ClCompile Include="..\..\..\SRC\system_of_eqn\linearSOE\bandSPD\BandSPDLinSolver.cpp">
      <Filter>bandSPD</Filter>
    </ClCompile>
    <ClCompile Include="..\..\..\SRC\system_of_eqn\linearSOE\bandSPD\DistributedBandSPDLinSOE.cpp">
      <Filter>bandSPD</Filter>
    </ClCompile>
    <ClCompile Include="..\..\..\SRC\system_of_eqn\eigenSOE\FullGenEigenSOE.cpp">
      <Filter>fullGEN</Filter>
    </ClCompile>
    <ClCompile Include="..\..\..\SRC\system_of_eqn\eigenSOE\FullGenEigenSolver.cpp">
      <Filter>fullGEN</Filter>
    </ClCompile>
    <ClCompile Include="..\..\..\SRC\system_of_eqn\linearSOE\fullGEN\FullGenLinLapackSolver.cpp">
      <Filter>fullGEN</Filter>
    </ClCompile>
    <ClCompile Include="..\..\..\SRC\system_of_eqn\linearSOE\fullGEN\FullGenLinSOE.cpp">
      <Filter>fullGEN</Filter>
    </ClCompile>
    <ClCompile Include="..\..\..\SRC\system_of_eqn\linearSOE\fullGEN\FullGenLinSolver.cpp">
      <Filter>fullGEN</Filter>
    </ClCompile>
    <ClCompile Include="..\..\..\SRC\system_of_eqn\linearSOE\umfGEN\UmfpackGenLinSOE.cpp">
      <Filter>umfpack</Filter>
    </ClCompile>
    <ClCompile Include="..\..\..\SRC\system_of_eqn\linearSOE\umfGEN\UmfpackGenLinSolver.cpp">
      <Filter>umfpack</Filter>
    </ClCompile>
    <ClCompile Include="..\..\..\SRC\system_of_eqn\linearSOE\sparseGEN\SparseGenColLinSOE.cpp">
      <Filter>superLU</Filter>
    </ClCompile>
    <ClCompile Include="..\..\..\SRC\system_of_eqn\linearSOE\sparseGEN\SparseGenColLinSolver.cpp">
      <Filter>superLU</Filter>
    </ClCompile>
    <ClCompile Include="..\..\..\SRC\system_of_eqn\linearSOE\sparseGEN\SuperLU.cpp">
      <Filter>superLU</Filter>
    </ClCompile>
    <ClCompile Include="..\..\..\SRC\system_of_eqn\eigenSOE\ArpackSOE.cpp">
      <Filter>arpack</Filter>
    </ClCompile>
    <ClCompile Include="..\..\..\SRC\system_of_eqn\eigenSOE\ArpackSolver.cpp">
      <Filter>arpack</Filter>
    </ClCompile>
    <ClCompile Include="..\..\..\SRC\system_of_eqn\eigenSOE\SymBandEigenSOE.cpp">
      <Filter>symBandEigen</Filter>
    </ClCompile>
    <ClCompile Include="..\..\..\SRC\system_of_eqn\eigenSOE\SymBandEigenSolver.cpp">
      <Filter>symBandEigen</Filter>
    </ClCompile>
    <ClCompile Include="..\..\..\SRC\system_of_eqn\linearSOE\diagonal\DiagonalDirectSolver.cpp">
      <Filter>diagonal</Filter>
    </ClCompile>
    <ClCompile Include="..\..\..\SRC\system_of_eqn\linearSOE\diagonal\DiagonalSOE.cpp">
      <Filter>diagonal</Filter>
    </ClCompile>
    <ClCompile Include="..\..\..\SRC\system_of_eqn\linearSOE\diagonal\DiagonalSolver.cpp">
      <Filter>diagonal</Filter>
    </ClCompile>
    <ClCompile Include="..\..\..\SRC\system_of_eqn\linearSOE\diagonal\DistributedDiagonalSOE.cpp">
      <Filter>diagonal</Filter>
    </ClCompile>
    <ClCompile Include="..\..\..\SRC\system_of_eqn\linearSOE\diagonal\DistributedDiagonalSolver.cpp">
      <Filter>diagonal</Filter>
    </ClCompile>
    <ClCompile Include="..\..\..\SRC\system_of_eqn\linearSOE\itpack\ItpackLinSOE.cpp">
      <Filter>itpack</Filter>
    </ClCompile>
    <ClCompile Include="..\..\..\SRC\system_of_eqn\linearSOE\itpack\ItpackLinSolver.cpp">
      <Filter>itpack</Filter>
    </ClCompile>
    <ClCompile Include="..\..\..\SRC\system_of_eqn\ritzSOE\FullGenRitzLapackSolver.cpp">
      <Filter>ritz</Filter>
    </ClCompile>
    <ClCompile Include="..\..\..\SRC\system_of_eqn\ritzSOE\FullGenRitzSOE.cpp">
      <Filter>ritz</Filter>
    </ClCompile>
    <ClCompile Include="..\..\..\SRC\system_of_eqn\ritzSOE\FullGenRitzSOESolver.cpp">
      <Filter>ritz</Filter>
    </ClCompile>
    <ClCompile Include="..\..\..\SRC\system_of_eqn\ritzSOE\RitzSOE.cpp">
      <Filter>ritz</Filter>
    </ClCompile>
    <ClCompile Include="..\..\..\SRC\system_of_eqn\ritzSOE\RitzSOESolver.cpp">
      <Filter>ritz</Filter>
    </ClCompile>
    <ClCompile Include="..\..\..\SRC\system_of_eqn\linearSOE\sparseGEN\PFEMLinSOE.cpp">
      <Filter>fullGEN</Filter>
    </ClCompile>
    <ClCompile Include="..\..\..\SRC\system_of_eqn\linearSOE\sparseGEN\SparseGenRowLinSOE.cpp">
      <Filter>fullGEN</Filter>
    </ClCompile>
    <ClCompile Include="..\..\..\SRC\system_of_eqn\linearSOE\sparseGEN\SparseGenRowLinSolver.cpp">
      <Filter>fullGEN</Filter>
    </ClCompile>
    <ClCompile Include="..\..\..\SRC\system_of_eqn\linearSOE\sparseGEN\PFEMSolver.cpp">
      <Filter>fullGEN</Filter>
    </ClCompile>
    <ClCompile Include="..\..\..\SRC\system_of_eqn\linearSOE\profileSPD\SProfileSPDLinSOE.cpp">
      <Filter>profileSPD</Filter>
    </ClCompile>
    <ClCompile Include="..\..\..\SRC\system_of_eqn\linearSOE\profileSPD\SProfileSPDLinSolver.cpp">
      <Filter>profileSPD</Filter>
    </ClCompile>
  </ItemGroup>
  <ItemGroup>
    <ClInclude Include="..\..\..\SRC\system_of_eqn\linearSOE\DomainSolver.h">
      <Filter>Header Files</Filter>
    </ClInclude>
    <ClInclude Include="..\..\..\SRC\system_of_eqn\eigenSOE\EigenSOE.h">
      <Filter>Header Files</Filter>
    </ClInclude>
    <ClInclude Include="..\..\..\SRC\system_of_eqn\eigenSOE\EigenSolver.h">
      <Filter>Header Files</Filter>
    </ClInclude>
    <ClInclude Include="..\..\..\SRC\system_of_eqn\linearSOE\LinearSOE.h">
      <Filter>Header Files</Filter>
    </ClInclude>
    <ClInclude Include="..\..\..\SRC\system_of_eqn\linearSOE\LinearSOESolver.h">
      <Filter>Header Files</Filter>
    </ClInclude>
    <ClInclude Include="..\..\..\SRC\system_of_eqn\Solver.h">
      <Filter>Header Files</Filter>
    </ClInclude>
    <ClInclude Include="..\..\..\SRC\system_of_eqn\SystemOfEqn.h">
      <Filter>Header Files</Filter>
    </ClInclude>
    <ClInclude Include="..\..\..\SRC\system_of_eqn\linearSOE\profileSPD\DistributedProfileSPDLinSOE.h">
      <Filter>profileSPD</Filter>
    </ClInclude>
    <ClInclude Include="..\..\..\SRC\system_of_eqn\linearSOE\profileSPD\ProfileSPDLinDirectSolver.h">
      <Filter>profileSPD</Filter>
    </ClInclude>
    <ClInclude Include="..\..\..\SRC\system_of_eqn\linearSOE\profileSPD\ProfileSPDLinSOE.h">
      <Filter>profileSPD</Filter>
    </ClInclude>
    <ClInclude Include="..\..\..\SRC\system_of_eqn\linearSOE\profileSPD\ProfileSPDLinSolver.h">
      <Filter>profileSPD</Filter>
    </ClInclude>
    <ClInclude Include="..\..\..\SRC\system_of_eqn\linearSOE\profileSPD\ProfileSPDLinSubstrSolver.h">
      <Filter>profileSPD</Filter>
    </ClInclude>
    <ClInclude Include="..\..\..\SRC\system_of_eqn\linearSOE\sparseSYM\FeStructs.h">
      <Filter>symSparse</Filter>
    </ClInclude>
    <ClInclude Include="..\..\..\SRC\system_of_eqn\linearSOE\sparseSYM\SymSparseLinSOE.h">
      <Filter>symSparse</Filter>
    </ClInclude>
    <ClInclude Include="..\..\..\SRC\system_of_eqn\linearSOE\sparseSYM\SymSparseLinSolver.h">
      <Filter>symSparse</Filter>
    </ClInclude>
    <ClInclude Include="..\..\..\SRC\system_of_eqn\linearSOE\sparseSYM\globalVars.h">
      <Filter>symSparse</Filter>
    </ClInclude>
    <ClInclude Include="..\..\..\SRC\system_of_eqn\linearSOE\sparseSYM\tim.h">
      <Filter>symSparse</Filter>
    </ClInclude>
    <ClInclude Include="..\..\..\SRC\system_of_eqn\linearSOE\sparseSYM\utility.h">
      <Filter>symSparse</Filter>
    </ClInclude>
    <ClInclude Include="..\..\..\SRC\system_of_eqn\linearSOE\bandGEN\BandGenLinLapackSolver.h">
      <Filter>bandGEN</Filter>
    </ClInclude>
    <ClInclude Include="..\..\..\SRC\system_of_eqn\linearSOE\bandGEN\BandGenLinSOE.h">
      <Filter>bandGEN</Filter>
    </ClInclude>
    <ClInclude Include="..\..\..\SRC\system_of_eqn\linearSOE\bandGEN\BandGenLinSolver.h">
      <Filter>bandGEN</Filter>
    </ClInclude>
    <ClInclude Include="..\..\..\SRC\system_of_eqn\linearSOE\bandGEN\DistributedBandGenLinSOE.h">
      <Filter>bandGEN</Filter>
    </ClInclude>
    <ClInclude Include="..\..\..\SRC\system_of_eqn\linearSOE\bandSPD\BandSPDLinLapackSolver.h">
      <Filter>bandSPD</Filter>
    </ClInclude>
    <ClInclude Include="..\..\..\SRC\system_of_eqn\linearSOE\bandSPD\BandSPDLinSOE.h">
      <Filter>bandSPD</Filter>
    </ClInclude>
    <ClInclude Include="..\..\..\SRC\system_of_eqn\linearSOE\bandSPD\BandSPDLinSolver.h">
      <Filter>bandSPD</Filter>
    </ClInclude>
    <ClInclude Include="..\..\..\SRC\system_of_eqn\linearSOE\bandSPD\DistributedBandSPDLinSOE.h">
      <Filter>bandSPD</Filter>
    </ClInclude>
    <ClInclude Include="..\..\..\SRC\system_of_eqn\eigenSOE\FullGenEigenSOE.h">
      <Filter>fullGEN</Filter>
    </ClInclude>
    <ClInclude Include="..\..\..\SRC\system_of_eqn\eigenSOE\FullGenEigenSolver.h">
      <Filter>fullGEN</Filter>
    </ClInclude>
    <ClInclude Include="..\..\..\SRC\system_of_eqn\linearSOE\fullGEN\FullGenLinLapackSolver.h">
      <Filter>fullGEN</Filter>
    </ClInclude>
    <ClInclude Include="..\..\..\SRC\system_of_eqn\linearSOE\fullGEN\FullGenLinSOE.h">
      <Filter>fullGEN</Filter>
    </ClInclude>
    <ClInclude Include="..\..\..\SRC\system_of_eqn\linearSOE\fullGEN\FullGenLinSolver.h">
      <Filter>fullGEN</Filter>
    </ClInclude>
    <ClInclude Include="..\..\..\SRC\system_of_eqn\linearSOE\umfGEN\UmfpackGenLinSOE.h">
      <Filter>umfpack</Filter>
    </ClInclude>
    <ClInclude Include="..\..\..\SRC\system_of_eqn\linearSOE\umfGEN\UmfpackGenLinSolver.h">
      <Filter>umfpack</Filter>
    </ClInclude>
    <ClInclude Include="..\..\..\SRC\system_of_eqn\linearSOE\sparseGEN\SparseGenColLinSOE.h">
      <Filter>superLU</Filter>
    </ClInclude>
    <ClInclude Include="..\..\..\SRC\system_of_eqn\linearSOE\sparseGEN\SparseGenColLinSolver.h">
      <Filter>superLU</Filter>
    </ClInclude>
    <ClInclude Include="..\..\..\SRC\system_of_eqn\linearSOE\sparseGEN\SuperLU.h">
      <Filter>superLU</Filter>
    </ClInclude>
    <ClInclude Include="..\..\..\SRC\system_of_eqn\eigenSOE\ArpackSOE.h">
      <Filter>arpack</Filter>
    </ClInclude>
    <ClInclude Include="..\..\..\SRC\system_of_eqn\eigenSOE\ArpackSolver.h">
      <Filter>arpack</Filter>
    </ClInclude>
    <ClInclude Include="..\..\..\SRC\system_of_eqn\eigenSOE\SymBandEigenSOE.h">
      <Filter>symBandEigen</Filter>
    </ClInclude>
    <ClInclude Include="..\..\..\SRC\system_of_eqn\eigenSOE\SymBandEigenSolver.h">
      <Filter>symBandEigen</Filter>
    </ClInclude>
    <ClInclude Include="..\..\..\SRC\system_of_eqn\linearSOE\diagonal\DiagonalDirectSolver.h">
      <Filter>diagonal</Filter>
    </ClInclude>
    <ClInclude Include="..\..\..\SRC\system_of_eqn\linearSOE\diagonal\DiagonalSOE.h">
      <Filter>diagonal</Filter>
    </ClInclude>
    <ClInclude Include="..\..\..\SRC\system_of_eqn\linearSOE\diagonal\DiagonalSolver.h">
      <Filter>diagonal</Filter>
    </ClInclude>
    <ClInclude Include="..\..\..\SRC\system_of_eqn\linearSOE\diagonal\DistributedDiagonalSOE.h">
      <Filter>diagonal</Filter>
    </ClInclude>
    <ClInclude Include="..\..\..\SRC\system_of_eqn\linearSOE\diagonal\DistributedDiagonalSolver.h">
      <Filter>diagonal</Filter>
    </ClInclude>
    <ClInclude Include="..\..\..\SRC\system_of_eqn\linearSOE\itpack\ItpackLinSOE.h">
      <Filter>itpack</Filter>
    </ClInclude>
    <ClInclude Include="..\..\..\SRC\system_of_eqn\linearSOE\itpack\ItpackLinSolver.h">
      <Filter>itpack</Filter>
    </ClInclude>
    <ClInclude Include="..\..\..\SRC\system_of_eqn\ritzSOE\FullGenRitzLapackSolver.h">
      <Filter>ritz</Filter>
    </ClInclude>
    <ClInclude Include="..\..\..\SRC\system_of_eqn\ritzSOE\FullGenRitzSOE.h">
      <Filter>ritz</Filter>
    </ClInclude>
    <ClInclude Include="..\..\..\SRC\system_of_eqn\ritzSOE\FullGenRitzSOESolver.h">
      <Filter>ritz</Filter>
    </ClInclude>
    <ClInclude Include="..\..\..\SRC\system_of_eqn\ritzSOE\RitzSOE.h">
      <Filter>ritz</Filter>
    </ClInclude>
    <ClInclude Include="..\..\..\SRC\system_of_eqn\ritzSOE\RitzSOESolver.h">
      <Filter>ritz</Filter>
    </ClInclude>
    <ClInclude Include="..\..\..\SRC\system_of_eqn\linearSOE\sparseGEN\PFEMLinSOE.h">
      <Filter>fullGEN</Filter>
    </ClInclude>
    <ClInclude Include="..\..\..\SRC\system_of_eqn\linearSOE\sparseGEN\SparseGenRowLinSOE.h">
      <Filter>fullGEN</Filter>
    </ClInclude>
    <ClInclude Include="..\..\..\SRC\system_of_eqn\linearSOE\sparseGEN\SparseGenRowLinSolver.h">
      <Filter>fullGEN</Filter>
    </ClInclude>
    <ClInclude Include="..\..\..\SRC\system_of_eqn\linearSOE\sparseGEN\PFEMSolver.h">
      <Filter>fullGEN</Filter>
    </ClInclude>
    <ClInclude Include="..\..\..\SRC\system_of_eqn\linearSOE\profileSPD\SProfileSPDLinSOE.h">
      <Filter>profileSPD</Filter>
    </ClInclude>
    <ClInclude Include="..\..\..\SRC\system_of_eqn\linearSOE\profileSPD\SProfileSPDLinSolver.h">
      <Filter>profileSPD</Filter>
    </ClInclude>
  </ItemGroup>
</Project>