<?xml version="1.0" encoding="utf-8"?>
<Project ToolsVersion="4.0" xmlns="http://schemas.microsoft.com/developer/msbuild/2003">
  <ItemGroup>
    <Filter Include="Source Files">
      <UniqueIdentifier>{1fd43e0b-e48c-4b07-921a-a031fa563581}</UniqueIdentifier>
      <Extensions>cpp;c;cxx;rc;def;r;odl;idl;hpj;bat</Extensions>
    </Filter>
  </ItemGroup>
  <ItemGroup>
    <ClInclude Include="..\..\..\OTHER\SuperLU_DIST_2.5\SRC\Cnames.h">
      <Filter>Source Files</Filter>
    </ClInclude>
    <ClInclude Include="..\..\..\OTHER\SuperLU_DIST_2.5\SRC\dcomplex.h">
      <Filter>Source Files</Filter>
    </ClInclude>
    <ClInclude Include="..\..\..\OTHER\SuperLU_DIST_2.5\SRC\html_mainpage.h">
      <Filter>Source Files</Filter>
    </ClInclude>
    <ClInclude Include="..\..\..\OTHER\SuperLU_DIST_2.5\SRC\machines.h">
      <Filter>Source Files</Filter>
    </ClInclude>
    <ClInclude Include="..\..\..\OTHER\SuperLU_DIST_2.5\SRC\psymbfact.h">
      <Filter>Source Files</Filter>
    </ClInclude>
    <ClInclude Include="..\..\..\OTHER\SuperLU_DIST_2.5\SRC\superlu_ddefs.h">
      <Filter>Source Files</Filter>
    </ClInclude>
    <ClInclude Include="..\..\..\OTHER\SuperLU_DIST_2.5\SRC\superlu_defs.h">
      <Filter>Source Files</Filter>
    </ClInclude>
    <ClInclude Include="..\..\..\OTHER\SuperLU_DIST_2.5\SRC\superlu_enum_consts.h">
      <Filter>Source Files</Filter>
    </ClInclude>
    <ClInclude Include="..\..\..\OTHER\SuperLU_DIST_2.5\SRC\superlu_zdefs.h">
      <Filter>Source Files</Filter>
    </ClInclude>
    <ClInclude Include="..\..\..\OTHER\SuperLU_DIST_2.5\SRC\supermatrix.h">
      <Filter>Source Files</Filter>
    </ClInclude>
    <ClInclude Include="..\..\..\OTHER\SuperLU_DIST_2.5\SRC\util_dist.h">
      <Filter>Source Files</Filter>
    </ClInclude>
  </ItemGroup>
  <ItemGroup>
    <ClCompile Include="..\..\..\OTHER\SuperLU_DIST_2.5\SRC\GetDiagU.c">
      <Filter>Source Files</Filter>
    </ClCompile>
    <ClCompile Include="..\..\..\OTHER\SuperLU_DIST_2.5\SRC\comm.c">
      <Filter>Source Files</Filter>
    </ClCompile>
    <ClCompile Include="..\..\..\OTHER\SuperLU_DIST_2.5\SRC\dcomplex.c">
      <Filter>Source Files</Filter>
    </ClCompile>
    <ClCompile Include="..\..\..\OTHER\SuperLU_DIST_2.5\SRC\ddistribute.c">
      <Filter>Source Files</Filter>
    </ClCompile>
    <ClCompile Include="..\..\..\OTHER\SuperLU_DIST_2.5\SRC\dgsequ.c">
      <Filter>Source Files</Filter>
    </ClCompile>
    <ClCompile Include="..\..\..\OTHER\SuperLU_DIST_2.5\SRC\dlamch.c">
      <Filter>Source Files</Filter>
    </ClCompile>
    <ClCompile Include="..\..\..\OTHER\SuperLU_DIST_2.5\SRC\dlangs.c">
      <Filter>Source Files</Filter>
    </ClCompile>
    <ClCompile Include="..\..\..\OTHER\SuperLU_DIST_2.5\SRC\dlaqgs.c">
      <Filter>Source Files</Filter>
    </ClCompile>
    <ClCompile Include="..\..\..\OTHER\SuperLU_DIST_2.5\SRC\dldperm.c">
      <Filter>Source Files</Filter>
    </ClCompile>
    <ClCompile Include="..\..\..\OTHER\SuperLU_DIST_2.5\SRC\dmemory.c">
      <Filter>Source Files</Filter>
    </ClCompile>
    <ClCompile Include="..\..\..\OTHER\SuperLU_DIST_2.5\SRC\dmyblas2.c">
      <Filter>Source Files</Filter>
    </ClCompile>
    <ClCompile Include="..\..\..\OTHER\SuperLU_DIST_2.5\SRC\dreadhb.c">
      <Filter>Source Files</Filter>
    </ClCompile>
    <ClCompile Include="..\..\..\OTHER\SuperLU_DIST_2.5\SRC\dreadrb.c">
      <Filter>Source Files</Filter>
    </ClCompile>
    <ClCompile Include="..\..\..\OTHER\SuperLU_DIST_2.5\SRC\dsp_blas2.c">
      <Filter>Source Files</Filter>
    </ClCompile>
    <ClCompile Include="..\..\..\OTHER\SuperLU_DIST_2.5\SRC\dsp_blas3.c">
      <Filter>Source Files</Filter>
    </ClCompile>
    <ClCompile Include="..\..\..\OTHER\SuperLU_DIST_2.5\SRC\dutil.c">
      <Filter>Source Files</Filter>
    </ClCompile>
    <ClCompile Include="..\..\..\OTHER\SuperLU_DIST_2.5\SRC\etree.c">
      <Filter>Source Files</Filter>
    </ClCompile>
    <ClCompile Include="..\..\..\OTHER\SuperLU_DIST_2.5\SRC\get_perm_c.c">
      <Filter>Source Files</Filter>
    </ClCompile>
    <ClCompile Include="..\..\..\OTHER\SuperLU_DIST_2.5\SRC\get_perm_c_parmetis.c">
      <Filter>Source Files</Filter>
    </ClCompile>
    <ClCompile Include="..\..\..\OTHER\SuperLU_DIST_2.5\SRC\lsame.c">
      <Filter>Source Files</Filter>
    </ClCompile>
    <ClCompile Include="..\..\..\OTHER\SuperLU_DIST_2.5\SRC\mc64ad.c">
      <Filter>Source Files</Filter>
    </ClCompile>
    <ClCompile Include="..\..\..\OTHER\SuperLU_DIST_2.5\SRC\memory.c">
      <Filter>Source Files</Filter>
    </ClCompile>
    <ClCompile Include="..\..\..\OTHER\SuperLU_DIST_2.5\SRC\mmd.c">
      <Filter>Source Files</Filter>
    </ClCompile>
    <ClCompile Include="..\..\..\OTHER\SuperLU_DIST_2.5\SRC\pddistribute.c">
      <Filter>Source Files</Filter>
    </ClCompile>
    <ClCompile Include="..\..\..\OTHER\SuperLU_DIST_2.5\SRC\pdgsequ.c">
      <Filter>Source Files</Filter>
    </ClCompile>
    <ClCompile Include="..\..\..\OTHER\SuperLU_DIST_2.5\SRC\pdgsmv.c">
      <Filter>Source Files</Filter>
    </ClCompile>
    <ClCompile Include="..\..\..\OTHER\SuperLU_DIST_2.5\SRC\pdgsmv_AXglobal.c">
      <Filter>Source Files</Filter>
    </ClCompile>
    <ClCompile Include="..\..\..\OTHER\SuperLU_DIST_2.5\SRC\pdgsrfs.c">
      <Filter>Source Files</Filter>
    </ClCompile>
    <ClCompile Include="..\..\..\OTHER\SuperLU_DIST_2.5\SRC\pdgsrfs_ABXglobal.c">
      <Filter>Source Files</Filter>
    </ClCompile>
    <ClCompile Include="..\..\..\OTHER\SuperLU_DIST_2.5\SRC\pdgssvx.c">
      <Filter>Source Files</Filter>
    </ClCompile>
    <ClCompile Include="..\..\..\OTHER\SuperLU_DIST_2.5\SRC\pdgssvx_ABglobal.c">
      <Filter>Source Files</Filter>
    </ClCompile>
    <ClCompile Include="..\..\..\OTHER\SuperLU_DIST_2.5\SRC\pdgstrf.c">
      <Filter>Source Files</Filter>
    </ClCompile>
    <ClCompile Include="..\..\..\OTHER\SuperLU_DIST_2.5\SRC\pdgstrs.c">
      <Filter>Source Files</Filter>
    </ClCompile>
    <ClCompile Include="..\..\..\OTHER\SuperLU_DIST_2.5\SRC\pdgstrs1.c">
      <Filter>Source Files</Filter>
    </ClCompile>
    <ClCompile Include="..\..\..\OTHER\SuperLU_DIST_2.5\SRC\pdgstrsL.c">
      <Filter>Source Files</Filter>
    </ClCompile>
    <ClCompile Include="..\..\..\OTHER\SuperLU_DIST_2.5\SRC\pdgstrs_Bglobal.c">
      <Filter>Source Files</Filter>
    </ClCompile>
    <ClCompile Include="..\..\..\OTHER\SuperLU_DIST_2.5\SRC\pdgstrs_lsum.c">
      <Filter>Source Files</Filter>
    </ClCompile>
    <ClCompile Include="..\..\..\OTHER\SuperLU_DIST_2.5\SRC\pdlangs.c">
      <Filter>Source Files</Filter>
    </ClCompile>
    <ClCompile Include="..\..\..\OTHER\SuperLU_DIST_2.5\SRC\pdlaqgs.c">
      <Filter>Source Files</Filter>
    </ClCompile>
    <ClCompile Include="..\..\..\OTHER\SuperLU_DIST_2.5\SRC\pdsymbfact_distdata.c">
      <Filter>Source Files</Filter>
    </ClCompile>
    <ClCompile Include="..\..\..\OTHER\SuperLU_DIST_2.5\SRC\pdutil.c">
      <Filter>Source Files</Filter>
    </ClCompile>
    <ClCompile Include="..\..\..\OTHER\SuperLU_DIST_2.5\SRC\psymbfact.c">
      <Filter>Source Files</Filter>
    </ClCompile>
    <ClCompile Include="..\..\..\OTHER\SuperLU_DIST_2.5\SRC\psymbfact_util.c">
      <Filter>Source Files</Filter>
    </ClCompile>
    <ClCompile Include="..\..\..\OTHER\SuperLU_DIST_2.5\SRC\pxerbla.c">
      <Filter>Source Files</Filter>
    </ClCompile>
    <ClCompile Include="..\..\..\OTHER\SuperLU_DIST_2.5\SRC\slamch.c">
      <Filter>Source Files</Filter>
    </ClCompile>
    <ClCompile Include="..\..\..\OTHER\SuperLU_DIST_2.5\SRC\sp_colorder.c">
      <Filter>Source Files</Filter>
    </ClCompile>
    <ClCompile Include="..\..\..\OTHER\SuperLU_DIST_2.5\SRC\sp_ienv.c">
      <Filter>Source Files</Filter>
    </ClCompile>
    <ClCompile Include="..\..\..\OTHER\SuperLU_DIST_2.5\SRC\superlu_grid.c">
      <Filter>Source Files</Filter>
    </ClCompile>
    <ClCompile Include="..\..\..\OTHER\SuperLU_DIST_2.5\SRC\superlu_timer.c">
      <Filter>Source Files</Filter>
    </ClCompile>
    <ClCompile Include="..\..\..\OTHER\SuperLU_DIST_2.5\SRC\symbfact.c">
      <Filter>Source Files</Filter>
    </ClCompile>
    <ClCompile Include="..\..\..\OTHER\SuperLU_DIST_2.5\SRC\util.c">
      <Filter>Source Files</Filter>
    </ClCompile>
    <ClCompile Include="..\..\..\OTHER\SuperLU_DIST_2.5\SRC\xerbla.c">
      <Filter>Source Files</Filter>
    </ClCompile>
  </ItemGroup>
</Project>