<?xml version="1.0" encoding="utf-8"?>
<Project ToolsVersion="4.0" xmlns="http://schemas.microsoft.com/developer/msbuild/2003">
  <ItemGroup>
    <Filter Include="Source Files">
      <UniqueIdentifier>{4FC737F1-C7A5-4376-A066-2A32D752A2FF}</UniqueIdentifier>
      <Extensions>cpp;c;cc;cxx;def;odl;idl;hpj;bat;asm;asmx</Extensions>
    </Filter>
    <Filter Include="Header Files">
      <UniqueIdentifier>{93995380-89BD-4b04-88EB-625FBE52EBFB}</UniqueIdentifier>
      <Extensions>h;hpp;hxx;hm;inl;inc;xsd</Extensions>
    </Filter>
    <Filter Include="Resource Files">
      <UniqueIdentifier>{67DA6AB6-F800-4c08-8B7A-83BB121AAD01}</UniqueIdentifier>
      <Extensions>rc;ico;cur;bmp;dlg;rc2;rct;bin;rgs;gif;jpg;jpeg;jpe;resx;tiff;tif;png;wav</Extensions>
    </Filter>
    <Filter Include="experimentalControl">
      <UniqueIdentifier>{6dba75d8-8514-4bc4-bac1-3aa86b6e0c55}</UniqueIdentifier>
    </Filter>
    <Filter Include="experimentalSetup">
      <UniqueIdentifier>{ea7c18f1-6579-4e66-abb6-1a15b49a534a}</UniqueIdentifier>
    </Filter>
    <Filter Include="experimentalSignalFilter">
      <UniqueIdentifier>{12c2e6ea-a8d5-4fef-b4a8-48987fa0238e}</UniqueIdentifier>
    </Filter>
    <Filter Include="experimentalSite">
      <UniqueIdentifier>{2306af49-cee1-48c5-a6a3-86ef8fe2413e}</UniqueIdentifier>
    </Filter>
    <Filter Include="tcl">
      <UniqueIdentifier>{43d00ad5-c857-498e-8559-f12a570a5fa4}</UniqueIdentifier>
    </Filter>
    <Filter Include="experimentalElement">
      <UniqueIdentifier>{426b9eaa-7ff6-43eb-9bf2-d266896293d4}</UniqueIdentifier>
    </Filter>
    <Filter Include="experimentalRecorder">
      <UniqueIdentifier>{e83f686f-a877-4bb6-b867-3c6b1571aa91}</UniqueIdentifier>
    </Filter>
    <Filter Include="experimentalRecorder\response">
      <UniqueIdentifier>{3616af05-2d01-49a6-8f3a-4dd7a692a159}</UniqueIdentifier>
    </Filter>
    <Filter Include="openseesCore">
      <UniqueIdentifier>{83e2e110-c722-4e51-b8dd-86f3b7e1029d}</UniqueIdentifier>
    </Filter>
    <Filter Include="openseesExtra">
      <UniqueIdentifier>{e82cebe3-bd22-464c-a28a-d1f489246f29}</UniqueIdentifier>
    </Filter>
  </ItemGroup>
  <ItemGroup>
    <ClCompile Include="..\..\..\SRC\experimentalControl\ECNIEseries.cpp">
      <Filter>experimentalControl</Filter>
    </ClCompile>
    <ClCompile Include="..\..\..\SRC\openFresco\experimentalControl\TclExpControlCommand.cpp">
      <Filter>experimentalControl</Filter>
    </ClCompile>
    <ClCompile Include="..\..\..\SRC\openFresco\experimentalControl\ECdSpace.cpp">
      <Filter>experimentalControl</Filter>
    </ClCompile>
    <ClCompile Include="..\..\..\SRC\openFresco\experimentalControl\ECGenericTCP.cpp">
      <Filter>experimentalControl</Filter>
    </ClCompile>
    <ClCompile Include="..\..\..\SRC\openFresco\experimentalControl\ECLabVIEW.cpp">
      <Filter>experimentalControl</Filter>
    </ClCompile>
    <ClCompile Include="..\..\..\SRC\openFresco\experimentalControl\ECMtsCsi.cpp">
      <Filter>experimentalControl</Filter>
    </ClCompile>
    <ClCompile Include="..\..\..\SRC\openFresco\experimentalControl\ECSCRAMNet.cpp">
      <Filter>experimentalControl</Filter>
    </ClCompile>
    <ClCompile Include="..\..\..\SRC\openFresco\experimentalControl\ECSimDomain.cpp">
      <Filter>experimentalControl</Filter>
    </ClCompile>
    <ClCompile Include="..\..\..\SRC\openFresco\experimentalControl\ECSimFEAdapter.cpp">
      <Filter>experimentalControl</Filter>
    </ClCompile>
    <ClCompile Include="..\..\..\SRC\openFresco\experimentalControl\ECSimSimulink.cpp">
      <Filter>experimentalControl</Filter>
    </ClCompile>
    <ClCompile Include="..\..\..\SRC\openFresco\experimentalControl\ECSimulation.cpp">
      <Filter>experimentalControl</Filter>
    </ClCompile>
    <ClCompile Include="..\..\..\SRC\openFresco\experimentalControl\ECSimUniaxialMaterials.cpp">
      <Filter>experimentalControl</Filter>
    </ClCompile>
    <ClCompile Include="..\..\..\SRC\openFresco\experimentalControl\ECxPCtarget.cpp">
      <Filter>experimentalControl</Filter>
    </ClCompile>
    <ClCompile Include="..\..\..\SRC\openFresco\experimentalControl\ExperimentalControl.cpp">
      <Filter>experimentalControl</Filter>
    </ClCompile>
    <ClCompile Include="..\..\..\SRC\openFresco\experimentalElement\EEBeamColumn2d.cpp">
      <Filter>experimentalElement</Filter>
    </ClCompile>
    <ClCompile Include="..\..\..\SRC\openFresco\experimentalElement\EEBeamColumn3d.cpp">
      <Filter>experimentalElement</Filter>
    </ClCompile>
    <ClCompile Include="..\..\..\SRC\openFresco\experimentalElement\EEGeneric.cpp">
      <Filter>experimentalElement</Filter>
    </ClCompile>
    <ClCompile Include="..\..\..\SRC\openFresco\experimentalElement\EEInvertedVBrace2d.cpp">
      <Filter>experimentalElement</Filter>
    </ClCompile>
    <ClCompile Include="..\..\..\SRC\openFresco\experimentalElement\EETruss.cpp">
      <Filter>experimentalElement</Filter>
    </ClCompile>
    <ClCompile Include="..\..\..\SRC\openFresco\experimentalElement\EETrussCorot.cpp">
      <Filter>experimentalElement</Filter>
    </ClCompile>
    <ClCompile Include="..\..\..\SRC\openFresco\experimentalElement\EETwoNodeLink.cpp">
      <Filter>experimentalElement</Filter>
    </ClCompile>
    <ClCompile Include="..\..\..\SRC\openFresco\experimentalElement\ExperimentalElement.cpp">
      <Filter>experimentalElement</Filter>
    </ClCompile>
    <ClCompile Include="..\..\..\SRC\openFresco\experimentalElement\TclEEBeamColumnCommand.cpp">
      <Filter>experimentalElement</Filter>
    </ClCompile>
    <ClCompile Include="..\..\..\SRC\openFresco\experimentalElement\TclEEGenericCommand.cpp">
      <Filter>experimentalElement</Filter>
    </ClCompile>
    <ClCompile Include="..\..\..\SRC\openFresco\experimentalElement\TclEEInvertedVBraceCommand.cpp">
      <Filter>experimentalElement</Filter>
    </ClCompile>
    <ClCompile Include="..\..\..\SRC\openFresco\experimentalElement\TclEETrussCommand.cpp">
      <Filter>experimentalElement</Filter>
    </ClCompile>
    <ClCompile Include="..\..\..\SRC\openFresco\experimentalElement\TclEETwoNodeLinkCommand.cpp">
      <Filter>experimentalElement</Filter>
    </ClCompile>
    <ClCompile Include="..\..\..\SRC\openFresco\experimentalElement\TclExpElementCommands.cpp">
      <Filter>experimentalElement</Filter>
    </ClCompile>
    <ClCompile Include="..\..\..\SRC\openFresco\experimentalRecorder\ExpControlRecorder.cpp">
      <Filter>experimentalRecorder</Filter>
    </ClCompile>
    <ClCompile Include="..\..\..\SRC\openFresco\experimentalRecorder\ExpSetupRecorder.cpp">
      <Filter>experimentalRecorder</Filter>
    </ClCompile>
    <ClCompile Include="..\..\..\SRC\openFresco\experimentalRecorder\ExpSignalFilterRecorder.cpp">
      <Filter>experimentalRecorder</Filter>
    </ClCompile>
    <ClCompile Include="..\..\..\SRC\openFresco\experimentalRecorder\ExpSiteRecorder.cpp">
      <Filter>experimentalRecorder</Filter>
    </ClCompile>
    <ClCompile Include="..\..\..\SRC\openFresco\experimentalRecorder\TclExpRecorderCommands.cpp">
      <Filter>experimentalRecorder</Filter>
    </ClCompile>
    <ClCompile Include="..\..\..\SRC\openFresco\experimentalRecorder\response\ExpControlResponse.cpp">
      <Filter>experimentalRecorder\response</Filter>
    </ClCompile>
    <ClCompile Include="..\..\..\SRC\openFresco\experimentalRecorder\response\ExpSetupResponse.cpp">
      <Filter>experimentalRecorder\response</Filter>
    </ClCompile>
    <ClCompile Include="..\..\..\SRC\openFresco\experimentalRecorder\response\ExpSignalFilterResponse.cpp">
      <Filter>experimentalRecorder\response</Filter>
    </ClCompile>
    <ClCompile Include="..\..\..\SRC\openFresco\experimentalRecorder\response\ExpSiteResponse.cpp">
      <Filter>experimentalRecorder\response</Filter>
    </ClCompile>
    <ClCompile Include="..\..\..\SRC\openFresco\experimentalSetup\ESAggregator.cpp">
      <Filter>experimentalSetup</Filter>
    </ClCompile>
    <ClCompile Include="..\..\..\SRC\openFresco\experimentalSetup\ESFourActuators3d.cpp">
      <Filter>experimentalSetup</Filter>
    </ClCompile>
    <ClCompile Include="..\..\..\SRC\openFresco\experimentalSetup\ESInvertedVBrace2d.cpp">
      <Filter>experimentalSetup</Filter>
    </ClCompile>
    <ClCompile Include="..\..\..\SRC\openFresco\experimentalSetup\ESInvertedVBraceJntOff2d.cpp">
      <Filter>experimentalSetup</Filter>
    </ClCompile>
    <ClCompile Include="..\..\..\SRC\openFresco\experimentalSetup\ESNoTransformation.cpp">
      <Filter>experimentalSetup</Filter>
    </ClCompile>
    <ClCompile Include="..\..\..\SRC\openFresco\experimentalSetup\ESOneActuator.cpp">
      <Filter>experimentalSetup</Filter>
    </ClCompile>
    <ClCompile Include="..\..\..\SRC\openFresco\experimentalSetup\ESThreeActuators2d.cpp">
      <Filter>experimentalSetup</Filter>
    </ClCompile>
    <ClCompile Include="..\..\..\SRC\openFresco\experimentalSetup\ESThreeActuatorsJntOff2d.cpp">
      <Filter>experimentalSetup</Filter>
    </ClCompile>
    <ClCompile Include="..\..\..\SRC\openFresco\experimentalSetup\ESTwoActuators2d.cpp">
      <Filter>experimentalSetup</Filter>
    </ClCompile>
    <ClCompile Include="..\..\..\SRC\openFresco\experimentalSetup\ExperimentalSetup.cpp">
      <Filter>experimentalSetup</Filter>
    </ClCompile>
    <ClCompile Include="..\..\..\SRC\openFresco\experimentalSetup\TclExpSetupCommand.cpp">
      <Filter>experimentalSetup</Filter>
    </ClCompile>
    <ClCompile Include="..\..\..\SRC\openFresco\experimentalSignalFilter\ESFErrorSimRandomGauss.cpp">
      <Filter>experimentalSignalFilter</Filter>
    </ClCompile>
    <ClCompile Include="..\..\..\SRC\openFresco\experimentalSignalFilter\ESFErrorSimulation.cpp">
      <Filter>experimentalSignalFilter</Filter>
    </ClCompile>
    <ClCompile Include="..\..\..\SRC\openFresco\experimentalSignalFilter\ESFErrorSimUndershoot.cpp">
      <Filter>experimentalSignalFilter</Filter>
    </ClCompile>
    <ClCompile Include="..\..\..\SRC\openFresco\experimentalSignalFilter\ExperimentalSignalFilter.cpp">
      <Filter>experimentalSignalFilter</Filter>
    </ClCompile>
    <ClCompile Include="..\..\..\SRC\openFresco\experimentalSignalFilter\TclExpSignalFilterCommand.cpp">
      <Filter>experimentalSignalFilter</Filter>
    </ClCompile>
    <ClCompile Include="..\..\..\SRC\openFresco\experimentalSite\ActorExpSite.cpp">
      <Filter>experimentalSite</Filter>
    </ClCompile>
    <ClCompile Include="..\..\..\SRC\openFresco\experimentalSite\ExperimentalSite.cpp">
      <Filter>experimentalSite</Filter>
    </ClCompile>
    <ClCompile Include="..\..\..\SRC\openFresco\experimentalSite\LocalExpSite.cpp">
      <Filter>experimentalSite</Filter>
    </ClCompile>
    <ClCompile Include="..\..\..\SRC\openFresco\experimentalSite\ShadowExpSite.cpp">
      <Filter>experimentalSite</Filter>
    </ClCompile>
    <ClCompile Include="..\..\..\SRC\openFresco\experimentalSite\TclExpSiteCommand.cpp">
      <Filter>experimentalSite</Filter>
    </ClCompile>
    <ClCompile Include="..\..\..\SRC\openFresco\utility\ExpControlSP.cpp">
      <Filter>Source Files</Filter>
    </ClCompile>
    <ClCompile Include="..\..\..\SRC\openFresco\utility\ExperimentalCP.cpp">
      <Filter>Source Files</Filter>
    </ClCompile>
    <ClCompile Include="..\..\..\SRC\openFresco\utility\TclExpCPCommand.cpp">
      <Filter>Source Files</Filter>
    </ClCompile>
    <ClCompile Include="..\..\..\SRC\openFresco\experimentalControl\xPCtarget\xpcinitfree.c">
      <Filter>Source Files</Filter>
    </ClCompile>
    <ClCompile Include="..\..\..\SRC\openFresco\tcl\tclAppInit.cpp">
      <Filter>tcl</Filter>
    </ClCompile>
    <ClCompile Include="..\..\..\SRC\openFresco\tcl\tclMain.cpp">
      <Filter>tcl</Filter>
    </ClCompile>
    <ClCompile Include="..\..\VC2005errno.cpp">
      <Filter>Source Files</Filter>
    </ClCompile>
    <ClCompile Include="..\..\..\SRC\openFresco\openseesCore\win32Functions.cpp">
      <Filter>openseesCore</Filter>
    </ClCompile>
    <ClCompile Include="..\..\..\SRC\openFresco\tcl\TclStartLabServer.cpp">
      <Filter>tcl</Filter>
    </ClCompile>
    <ClCompile Include="..\..\..\SRC\openFresco\tcl\TclStartSimAppElemServer.cpp">
      <Filter>tcl</Filter>
    </ClCompile>
    <ClCompile Include="..\..\..\SRC\openFresco\tcl\TclStartSimAppSiteServer.cpp">
      <Filter>tcl</Filter>
    </ClCompile>
  </ItemGroup>
  <ItemGroup>
    <ClInclude Include="..\..\..\SRC\utility\bool.h">
      <Filter>Header Files</Filter>
    </ClInclude>
    <ClInclude Include="resource.h">
      <Filter>Header Files</Filter>
    </ClInclude>
    <ClInclude Include="..\..\..\SRC\openFresco\experimentalControl\ECdSpace.h">
      <Filter>experimentalControl</Filter>
    </ClInclude>
    <ClInclude Include="..\..\..\SRC\openFresco\experimentalControl\ECGenericTCP.h">
      <Filter>experimentalControl</Filter>
    </ClInclude>
    <ClInclude Include="..\..\..\SRC\openFresco\experimentalControl\ECLabVIEW.h">
      <Filter>experimentalControl</Filter>
    </ClInclude>
    <ClInclude Include="..\..\..\SRC\openFresco\experimentalControl\ECMtsCsi.h">
      <Filter>experimentalControl</Filter>
    </ClInclude>
    <ClInclude Include="..\..\..\SRC\openFresco\experimentalControl\ECSCRAMNet.h">
      <Filter>experimentalControl</Filter>
    </ClInclude>
    <ClInclude Include="..\..\..\SRC\openFresco\experimentalControl\ECSimDomain.h">
      <Filter>experimentalControl</Filter>
    </ClInclude>
    <ClInclude Include="..\..\..\SRC\openFresco\experimentalControl\ECSimFEAdapter.h">
      <Filter>experimentalControl</Filter>
    </ClInclude>
    <ClInclude Include="..\..\..\SRC\openFresco\experimentalControl\ECSimSimulink.h">
      <Filter>experimentalControl</Filter>
    </ClInclude>
    <ClInclude Include="..\..\..\SRC\openFresco\experimentalControl\ECSimulation.h">
      <Filter>experimentalControl</Filter>
    </ClInclude>
    <ClInclude Include="..\..\..\SRC\openFresco\experimentalControl\ECSimUniaxialMaterials.h">
      <Filter>experimentalControl</Filter>
    </ClInclude>
    <ClInclude Include="..\..\..\SRC\openFresco\experimentalControl\ECxPCtarget.h">
      <Filter>experimentalControl</Filter>
    </ClInclude>
    <ClInclude Include="..\..\..\SRC\openFresco\experimentalControl\ExperimentalControl.h">
      <Filter>experimentalControl</Filter>
    </ClInclude>
    <ClInclude Include="..\..\..\SRC\openFresco\experimentalElement\EEBeamColumn2d.h">
      <Filter>experimentalElement</Filter>
    </ClInclude>
    <ClInclude Include="..\..\..\SRC\openFresco\experimentalElement\EEBeamColumn3d.h">
      <Filter>experimentalElement</Filter>
    </ClInclude>
    <ClInclude Include="..\..\..\SRC\openFresco\experimentalElement\EEGeneric.h">
      <Filter>experimentalElement</Filter>
    </ClInclude>
    <ClInclude Include="..\..\..\SRC\openFresco\experimentalElement\EEInvertedVBrace2d.h">
      <Filter>experimentalElement</Filter>
    </ClInclude>
    <ClInclude Include="..\..\..\SRC\openFresco\experimentalElement\EETruss.h">
      <Filter>experimentalElement</Filter>
    </ClInclude>
    <ClInclude Include="..\..\..\SRC\openFresco\experimentalElement\EETrussCorot.h">
      <Filter>experimentalElement</Filter>
    </ClInclude>
    <ClInclude Include="..\..\..\SRC\openFresco\experimentalElement\EETwoNodeLink.h">
      <Filter>experimentalElement</Filter>
    </ClInclude>
    <ClInclude Include="..\..\..\SRC\openFresco\experimentalElement\ExperimentalElement.h">
      <Filter>experimentalElement</Filter>
    </ClInclude>
    <ClInclude Include="..\..\..\SRC\openFresco\experimentalRecorder\ExpControlRecorder.h">
      <Filter>experimentalRecorder</Filter>
    </ClInclude>
    <ClInclude Include="..\..\..\SRC\openFresco\experimentalRecorder\ExpSetupRecorder.h">
      <Filter>experimentalRecorder</Filter>
    </ClInclude>
    <ClInclude Include="..\..\..\SRC\openFresco\experimentalRecorder\ExpSignalFilterRecorder.h">
      <Filter>experimentalRecorder</Filter>
    </ClInclude>
    <ClInclude Include="..\..\..\SRC\openFresco\experimentalRecorder\ExpSiteRecorder.h">
      <Filter>experimentalRecorder</Filter>
    </ClInclude>
    <ClInclude Include="..\..\..\SRC\openFresco\experimentalRecorder\response\ExpControlResponse.h">
      <Filter>experimentalRecorder\response</Filter>
    </ClInclude>
    <ClInclude Include="..\..\..\SRC\openFresco\experimentalRecorder\response\ExpSetupResponse.h">
      <Filter>experimentalRecorder\response</Filter>
    </ClInclude>
    <ClInclude Include="..\..\..\SRC\openFresco\experimentalRecorder\response\ExpSignalFilterResponse.h">
      <Filter>experimentalRecorder\response</Filter>
    </ClInclude>
    <ClInclude Include="..\..\..\SRC\openFresco\experimentalRecorder\response\ExpSiteResponse.h">
      <Filter>experimentalRecorder\response</Filter>
    </ClInclude>
    <ClInclude Include="..\..\..\SRC\openFresco\experimentalSetup\ESAggregator.h">
      <Filter>experimentalSetup</Filter>
    </ClInclude>
    <ClInclude Include="..\..\..\SRC\openFresco\experimentalSetup\ESFourActuators3d.h">
      <Filter>experimentalSetup</Filter>
    </ClInclude>
    <ClInclude Include="..\..\..\SRC\openFresco\experimentalSetup\ESInvertedVBrace2d.h">
      <Filter>experimentalSetup</Filter>
    </ClInclude>
    <ClInclude Include="..\..\..\SRC\openFresco\experimentalSetup\ESInvertedVBraceJntOff2d.h">
      <Filter>experimentalSetup</Filter>
    </ClInclude>
    <ClInclude Include="..\..\..\SRC\openFresco\experimentalSetup\ESNoTransformation.h">
      <Filter>experimentalSetup</Filter>
    </ClInclude>
    <ClInclude Include="..\..\..\SRC\openFresco\experimentalSetup\ESOneActuator.h">
      <Filter>experimentalSetup</Filter>
    </ClInclude>
    <ClInclude Include="..\..\..\SRC\openFresco\experimentalSetup\ESThreeActuators2d.h">
      <Filter>experimentalSetup</Filter>
    </ClInclude>
    <ClInclude Include="..\..\..\SRC\openFresco\experimentalSetup\ESThreeActuatorsJntOff2d.h">
      <Filter>experimentalSetup</Filter>
    </ClInclude>
    <ClInclude Include="..\..\..\SRC\openFresco\experimentalSetup\ESTwoActuators2d.h">
      <Filter>experimentalSetup</Filter>
    </ClInclude>
    <ClInclude Include="..\..\..\SRC\openFresco\experimentalSetup\ExperimentalSetup.h">
      <Filter>experimentalSetup</Filter>
    </ClInclude>
    <ClInclude Include="..\..\..\SRC\openFresco\experimentalSignalFilter\ESFErrorSimRandomGauss.h">
      <Filter>experimentalSignalFilter</Filter>
    </ClInclude>
    <ClInclude Include="..\..\..\SRC\openFresco\experimentalSignalFilter\ESFErrorSimulation.h">
      <Filter>experimentalSignalFilter</Filter>
    </ClInclude>
    <ClInclude Include="..\..\..\SRC\openFresco\experimentalSignalFilter\ESFErrorSimUndershoot.h">
      <Filter>experimentalSignalFilter</Filter>
    </ClInclude>
    <ClInclude Include="..\..\..\SRC\openFresco\experimentalSignalFilter\ExperimentalSignalFilter.h">
      <Filter>experimentalSignalFilter</Filter>
    </ClInclude>
    <ClInclude Include="..\..\..\SRC\openFresco\experimentalSite\ActorExpSite.h">
      <Filter>experimentalSite</Filter>
    </ClInclude>
    <ClInclude Include="..\..\..\SRC\openFresco\experimentalSite\ExperimentalSite.h">
      <Filter>experimentalSite</Filter>
    </ClInclude>
    <ClInclude Include="..\..\..\SRC\openFresco\experimentalSite\LocalExpSite.h">
      <Filter>experimentalSite</Filter>
    </ClInclude>
    <ClInclude Include="..\..\..\SRC\openFresco\experimentalSite\ShadowExpSite.h">
      <Filter>experimentalSite</Filter>
    </ClInclude>
    <ClInclude Include="..\..\..\SRC\openFresco\utility\ExpControlSP.h">
      <Filter>Header Files</Filter>
    </ClInclude>
    <ClInclude Include="..\..\..\SRC\openFresco\utility\ExperimentalCP.h">
      <Filter>Header Files</Filter>
    </ClInclude>
    <ClInclude Include="..\..\..\SRC\openFresco\FrescoGlobals.h">
      <Filter>Header Files</Filter>
    </ClInclude>
  </ItemGroup>
  <ItemGroup>
    <Image Include="OpenFresco.ico">
      <Filter>Resource Files</Filter>
    </Image>
  </ItemGroup>
  <ItemGroup>
    <ResourceCompile Include="openFrescoExe.rc">
      <Filter>Resource Files</Filter>
    </ResourceCompile>
  </ItemGroup>
  <ItemGroup>
    <CustomBuild Include="..\..\..\SRC\experimentalControl\ECNIEseries.h">
      <Filter>experimentalControl</Filter>
    </CustomBuild>
  </ItemGroup>
</Project>