<?xml version="1.0" encoding="utf-8"?>
<Project ToolsVersion="4.0" xmlns="http://schemas.microsoft.com/developer/msbuild/2003">
  <ItemGroup>
    <Filter Include="analysis">
      <UniqueIdentifier>{cd971f04-4133-412e-8c78-cbd76c2e45a4}</UniqueIdentifier>
      <Extensions>.cpp; .h</Extensions>
    </Filter>
    <Filter Include="model">
      <UniqueIdentifier>{e314302e-44de-407f-bbe5-da5ffadffa9a}</UniqueIdentifier>
      <Extensions>.cpp; .h</Extensions>
    </Filter>
    <Filter Include="fe_ele">
      <UniqueIdentifier>{65d22baf-20b5-4a8a-8403-9b4fab05ef44}</UniqueIdentifier>
      <Extensions>.cpp; .h</Extensions>
    </Filter>
    <Filter Include="dof_grp">
      <UniqueIdentifier>{d3afa741-00b5-4e8c-8c69-79355436598f}</UniqueIdentifier>
      <Extensions>.cpp; .h</Extensions>
    </Filter>
    <Filter Include="algorithm">
      <UniqueIdentifier>{84d6e89c-15d9-40ff-a6db-d8f883146700}</UniqueIdentifier>
      <Extensions>.cpp; .h</Extensions>
    </Filter>
    <Filter Include="algorithm\accelerator">
      <UniqueIdentifier>{5bae376a-7a6c-4bf6-9367-b84a06577367}</UniqueIdentifier>
    </Filter>
    <Filter Include="integrator">
      <UniqueIdentifier>{bac24622-7c69-4c2b-aac7-cdc0151ae5b7}</UniqueIdentifier>
      <Extensions>.cpp; .h</Extensions>
    </Filter>
    <Filter Include="numberer">
      <UniqueIdentifier>{5299cae8-4cdc-422a-9a38-cf0079c6146a}</UniqueIdentifier>
      <Extensions>.cpp; .h</Extensions>
    </Filter>
    <Filter Include="handler">
      <UniqueIdentifier>{ebe5970c-635c-4a1b-a8d3-aee8c041f8bc}</UniqueIdentifier>
      <Extensions>.cpp; .h</Extensions>
    </Filter>
    <Filter Include="lineSearch">
      <UniqueIdentifier>{620c3652-bc1d-48cb-8c2d-00f26f3a2e22}</UniqueIdentifier>
    </Filter>
  </ItemGroup>
  <ItemGroup>
    <ClCompile Include="..\..\..\SRC\analysis\analysis\Analysis.cpp">
      <Filter>analysis</Filter>
    </ClCompile>
    <ClCompile Include="..\..\..\SRC\analysis\analysis\DirectIntegrationAnalysis.cpp">
      <Filter>analysis</Filter>
    </ClCompile>
    <ClCompile Include="..\..\..\SRC\analysis\analysis\DomainDecompositionAnalysis.cpp">
      <Filter>analysis</Filter>
    </ClCompile>
    <ClCompile Include="..\..\..\SRC\analysis\analysis\EigenAnalysis.cpp">
      <Filter>analysis</Filter>
    </ClCompile>
    <ClCompile Include="..\..\..\SRC\analysis\analysis\RitzAnalysis.cpp">
      <Filter>analysis</Filter>
    </ClCompile>
    <ClCompile Include="..\..\..\SRC\analysis\analysis\StaticAnalysis.cpp">
      <Filter>analysis</Filter>
    </ClCompile>
    <ClCompile Include="..\..\..\SRC\analysis\analysis\TransientAnalysis.cpp">
      <Filter>analysis</Filter>
    </ClCompile>
    <ClCompile Include="..\..\..\SRC\analysis\analysis\VariableTimeStepDirectIntegrationAnalysis.cpp">
      <Filter>analysis</Filter>
    </ClCompile>
    <ClCompile Include="..\..\..\SRC\analysis\model\AnalysisModel.cpp">
      <Filter>model</Filter>
    </ClCompile>
    <ClCompile Include="..\..\..\SRC\analysis\model\DOF_GrpIter.cpp">
      <Filter>model</Filter>
    </ClCompile>
    <ClCompile Include="..\..\..\SRC\analysis\model\FE_EleIter.cpp">
      <Filter>model</Filter>
    </ClCompile>
    <ClCompile Include="..\..\..\SRC\analysis\fe_ele\FE_Element.cpp">
      <Filter>fe_ele</Filter>
    </ClCompile>
    <ClCompile Include="..\..\..\SRC\analysis\fe_ele\lagrange\LagrangeMP_FE.cpp">
      <Filter>fe_ele</Filter>
    </ClCompile>
    <ClCompile Include="..\..\..\SRC\analysis\fe_ele\lagrange\LagrangeSP_FE.cpp">
      <Filter>fe_ele</Filter>
    </ClCompile>
    <ClCompile Include="..\..\..\SRC\analysis\fe_ele\penalty\PenaltyMP_FE.cpp">
      <Filter>fe_ele</Filter>
    </ClCompile>
    <ClCompile Include="..\..\..\SRC\analysis\fe_ele\penalty\PenaltySP_FE.cpp">
      <Filter>fe_ele</Filter>
    </ClCompile>
    <ClCompile Include="..\..\..\SRC\analysis\fe_ele\transformation\TransformationFE.cpp">
      <Filter>fe_ele</Filter>
    </ClCompile>
    <ClCompile Include="..\..\..\SRC\analysis\dof_grp\DOF_Group.cpp">
      <Filter>dof_grp</Filter>
    </ClCompile>
    <ClCompile Include="..\..\..\SRC\analysis\dof_grp\LagrangeDOF_Group.cpp">
      <Filter>dof_grp</Filter>
    </ClCompile>
    <ClCompile Include="..\..\..\SRC\analysis\dof_grp\TransformationDOF_Group.cpp">
      <Filter>dof_grp</Filter>
    </ClCompile>
    <ClCompile Include="..\..\..\SRC\analysis\algorithm\equiSolnAlgo\AcceleratedNewton.cpp">
      <Filter>algorithm</Filter>
    </ClCompile>
    <ClCompile Include="..\..\..\SRC\analysis\algorithm\equiSolnAlgo\BFGS.cpp">
      <Filter>algorithm</Filter>
    </ClCompile>
    <ClCompile Include="..\..\..\SRC\analysis\algorithm\equiSolnAlgo\Broyden.cpp">
      <Filter>algorithm</Filter>
    </ClCompile>
    <ClCompile Include="..\..\..\SRC\analysis\algorithm\domainDecompAlgo\DomainDecompAlgo.cpp">
      <Filter>algorithm</Filter>
    </ClCompile>
    <ClCompile Include="..\..\..\SRC\analysis\algorithm\eigenAlgo\EigenAlgorithm.cpp">
      <Filter>algorithm</Filter>
    </ClCompile>
    <ClCompile Include="..\..\..\SRC\analysis\algorithm\equiSolnAlgo\EquiSolnAlgo.cpp">
      <Filter>algorithm</Filter>
    </ClCompile>
    <ClCompile Include="..\..\..\SRC\analysis\algorithm\equiSolnAlgo\KrylovNewton.cpp">
      <Filter>algorithm</Filter>
    </ClCompile>
    <ClCompile Include="..\..\..\SRC\analysis\algorithm\equiSolnAlgo\Linear.cpp">
      <Filter>algorithm</Filter>
    </ClCompile>
    <ClCompile Include="..\..\..\SRC\analysis\algorithm\equiSolnAlgo\ModifiedNewton.cpp">
      <Filter>algorithm</Filter>
    </ClCompile>
    <ClCompile Include="..\..\..\SRC\analysis\algorithm\equiSolnAlgo\NewtonLineSearch.cpp">
      <Filter>algorithm</Filter>
    </ClCompile>
    <ClCompile Include="..\..\..\SRC\analysis\algorithm\equiSolnAlgo\NewtonRaphson.cpp">
      <Filter>algorithm</Filter>
    </ClCompile>
    <ClCompile Include="..\..\..\SRC\analysis\algorithm\equiSolnAlgo\PeriodicNewton.cpp">
      <Filter>algorithm</Filter>
    </ClCompile>
    <ClCompile Include="..\..\..\SRC\analysis\algorithm\ritzAlgo\RitzAlgo.cpp">
      <Filter>algorithm</Filter>
    </ClCompile>
    <ClCompile Include="..\..\..\SRC\analysis\algorithm\ritzAlgo\RitzAlgorithm.cpp">
      <Filter>algorithm</Filter>
    </ClCompile>
    <ClCompile Include="..\..\..\SRC\analysis\algorithm\SolutionAlgorithm.cpp">
      <Filter>algorithm</Filter>
    </ClCompile>
    <ClCompile Include="..\..\..\SRC\analysis\algorithm\equiSolnAlgo\accelerator\Accelerator.cpp">
      <Filter>algorithm\accelerator</Filter>
    </ClCompile>
    <ClCompile Include="..\..\..\SRC\analysis\algorithm\equiSolnAlgo\accelerator\KrylovAccelerator.cpp">
      <Filter>algorithm\accelerator</Filter>
    </ClCompile>
    <ClCompile Include="..\..\..\SRC\analysis\algorithm\equiSolnAlgo\accelerator\PeriodicAccelerator.cpp">
      <Filter>algorithm\accelerator</Filter>
    </ClCompile>
    <ClCompile Include="..\..\..\SRC\analysis\algorithm\equiSolnAlgo\accelerator\RaphsonAccelerator.cpp">
      <Filter>algorithm\accelerator</Filter>
    </ClCompile>
    <ClCompile Include="..\..\..\SRC\analysis\algorithm\equiSolnAlgo\accelerator\SecantAccelerator1.cpp">
      <Filter>algorithm\accelerator</Filter>
    </ClCompile>
    <ClCompile Include="..\..\..\SRC\analysis\algorithm\equiSolnAlgo\accelerator\SecantAccelerator2.cpp">
      <Filter>algorithm\accelerator</Filter>
    </ClCompile>
    <ClCompile Include="..\..\..\SRC\analysis\algorithm\equiSolnAlgo\accelerator\SecantAccelerator3.cpp">
      <Filter>algorithm\accelerator</Filter>
    </ClCompile>
    <ClCompile Include="..\..\..\SRC\analysis\integrator\AlphaOS.cpp">
      <Filter>integrator</Filter>
    </ClCompile>
    <ClCompile Include="..\..\..\SRC\analysis\integrator\AlphaOSGeneralized.cpp">
      <Filter>integrator</Filter>
    </ClCompile>
    <ClCompile Include="..\..\..\SRC\analysis\integrator\ArcLength.cpp">
      <Filter>integrator</Filter>
    </ClCompile>
    <ClCompile Include="..\..\..\SRC\analysis\integrator\ArcLength1.cpp">
      <Filter>integrator</Filter>
    </ClCompile>
    <ClCompile Include="..\..\..\SRC\analysis\integrator\CentralDifference.cpp">
      <Filter>integrator</Filter>
    </ClCompile>
    <ClCompile Include="..\..\..\SRC\analysis\integrator\CentralDifferenceAlternative.cpp">
      <Filter>integrator</Filter>
    </ClCompile>
    <ClCompile Include="..\..\..\SRC\analysis\integrator\CentralDifferenceNoDamping.cpp">
      <Filter>integrator</Filter>
    </ClCompile>
    <ClCompile Include="..\..\..\SRC\analysis\integrator\Collocation.cpp">
      <Filter>integrator</Filter>
    </ClCompile>
    <ClCompile Include="..\..\..\SRC\analysis\integrator\CollocationHSFixedNumIter.cpp">
      <Filter>integrator</Filter>
    </ClCompile>
    <ClCompile Include="..\..\..\SRC\analysis\integrator\CollocationHSIncrReduct.cpp">
      <Filter>integrator</Filter>
    </ClCompile>
    <ClCompile Include="..\..\..\SRC\analysis\integrator\DisplacementControl.cpp">
      <Filter>integrator</Filter>
    </ClCompile>
    <ClCompile Include="..\..\..\SRC\analysis\integrator\DisplacementPath.cpp">
      <Filter>integrator</Filter>
    </ClCompile>
    <ClCompile Include="..\..\..\SRC\analysis\integrator\DistributedDisplacementControl.cpp">
      <Filter>integrator</Filter>
    </ClCompile>
    <ClCompile Include="..\..\..\SRC\analysis\integrator\EigenIntegrator.cpp">
      <Filter>integrator</Filter>
    </ClCompile>
    <ClCompile Include="..\..\..\SRC\analysis\integrator\GeneralizedAlpha.cpp">
      <Filter>integrator</Filter>
    </ClCompile>
    <ClCompile Include="..\..\..\SRC\analysis\integrator\HHT.cpp">
      <Filter>integrator</Filter>
    </ClCompile>
    <ClCompile Include="..\..\..\SRC\analysis\integrator\HHT1.cpp">
      <Filter>integrator</Filter>
    </ClCompile>
    <ClCompile Include="..\..\..\SRC\analysis\integrator\HHTExplicit.cpp">
      <Filter>integrator</Filter>
    </ClCompile>
    <ClCompile Include="..\..\..\SRC\analysis\integrator\HHTGeneralized.cpp">
      <Filter>integrator</Filter>
    </ClCompile>
    <ClCompile Include="..\..\..\SRC\analysis\integrator\HHTGeneralizedExplicit.cpp">
      <Filter>integrator</Filter>
    </ClCompile>
    <ClCompile Include="..\..\..\SRC\analysis\integrator\HHTHSFixedNumIter.cpp">
      <Filter>integrator</Filter>
    </ClCompile>
    <ClCompile Include="..\..\..\SRC\analysis\integrator\HHTHSIncrReduct.cpp">
      <Filter>integrator</Filter>
    </ClCompile>
    <ClCompile Include="..\..\..\SRC\analysis\integrator\HSConstraint.cpp">
      <Filter>integrator</Filter>
    </ClCompile>
    <ClCompile Include="..\..\..\SRC\analysis\integrator\IncrementalIntegrator.cpp">
      <Filter>integrator</Filter>
    </ClCompile>
    <ClCompile Include="..\..\..\SRC\analysis\integrator\Integrator.cpp">
      <Filter>integrator</Filter>
    </ClCompile>
    <ClCompile Include="..\..\..\SRC\analysis\integrator\LoadControl.cpp">
      <Filter>integrator</Filter>
    </ClCompile>
    <ClCompile Include="..\..\..\SRC\analysis\integrator\LoadPath.cpp">
      <Filter>integrator</Filter>
    </ClCompile>
    <ClCompile Include="..\..\..\SRC\analysis\integrator\MinUnbalDispNorm.cpp">
      <Filter>integrator</Filter>
    </ClCompile>
    <ClCompile Include="..\..\..\SRC\analysis\integrator\Newmark.cpp">
      <Filter>integrator</Filter>
    </ClCompile>
    <ClCompile Include="..\..\..\SRC\analysis\integrator\Newmark1.cpp">
      <Filter>integrator</Filter>
    </ClCompile>
    <ClCompile Include="..\..\..\SRC\analysis\integrator\NewmarkExplicit.cpp">
      <Filter>integrator</Filter>
    </ClCompile>
    <ClCompile Include="..\..\..\SRC\analysis\integrator\NewmarkHSFixedNumIter.cpp">
      <Filter>integrator</Filter>
    </ClCompile>
    <ClCompile Include="..\..\..\SRC\analysis\integrator\NewmarkHSIncrReduct.cpp">
      <Filter>integrator</Filter>
    </ClCompile>
    <ClCompile Include="..\..\..\SRC\analysis\integrator\RitzIntegrator.cpp">
      <Filter>integrator</Filter>
    </ClCompile>
    <ClCompile Include="..\..\..\SRC\analysis\integrator\StaticIntegrator.cpp">
      <Filter>integrator</Filter>
    </ClCompile>
    <ClCompile Include="..\..\..\SRC\analysis\integrator\TransientIntegrator.cpp">
      <Filter>integrator</Filter>
    </ClCompile>
    <ClCompile Include="..\..\..\SRC\analysis\integrator\TRBDF2.cpp">
      <Filter>integrator</Filter>
    </ClCompile>
    <ClCompile Include="..\..\..\SRC\analysis\integrator\WilsonTheta.cpp">
      <Filter>integrator</Filter>
    </ClCompile>
    <ClCompile Include="..\..\..\SRC\analysis\numberer\DOF_Numberer.cpp">
      <Filter>numberer</Filter>
    </ClCompile>
    <ClCompile Include="..\..\..\SRC\analysis\numberer\PlainNumberer.cpp">
      <Filter>numberer</Filter>
    </ClCompile>
    <ClCompile Include="..\..\..\SRC\analysis\handler\ConstraintHandler.cpp">
      <Filter>handler</Filter>
    </ClCompile>
    <ClCompile Include="..\..\..\SRC\analysis\handler\LagrangeConstraintHandler.cpp">
      <Filter>handler</Filter>
    </ClCompile>
    <ClCompile Include="..\..\..\SRC\analysis\handler\PenaltyConstraintHandler.cpp">
      <Filter>handler</Filter>
    </ClCompile>
    <ClCompile Include="..\..\..\SRC\analysis\handler\PlainHandler.cpp">
      <Filter>handler</Filter>
    </ClCompile>
    <ClCompile Include="..\..\..\SRC\analysis\handler\TransformationConstraintHandler.cpp">
      <Filter>handler</Filter>
    </ClCompile>
    <ClCompile Include="..\..\..\SRC\analysis\algorithm\equiSolnAlgo\BisectionLineSearch.cpp">
      <Filter>lineSearch</Filter>
    </ClCompile>
    <ClCompile Include="..\..\..\SRC\analysis\algorithm\equiSolnAlgo\InitialInterpolatedLineSearch.cpp">
      <Filter>lineSearch</Filter>
    </ClCompile>
    <ClCompile Include="..\..\..\SRC\analysis\algorithm\equiSolnAlgo\LineSearch.cpp">
      <Filter>lineSearch</Filter>
    </ClCompile>
    <ClCompile Include="..\..\..\SRC\analysis\algorithm\equiSolnAlgo\RegulaFalsiLineSearch.cpp">
      <Filter>lineSearch</Filter>
    </ClCompile>
    <ClCompile Include="..\..\..\SRC\analysis\algorithm\equiSolnAlgo\SecantLineSearch.cpp">
      <Filter>lineSearch</Filter>
    </ClCompile>
    <ClCompile Include="..\..\..\SRC\analysis\integrator\CollocationHSIncrLimit.cpp">
      <Filter>integrator</Filter>
    </ClCompile>
    <ClCompile Include="..\..\..\SRC\analysis\integrator\HHTHSIncrLimit.cpp">
      <Filter>integrator</Filter>
    </ClCompile>
    <ClCompile Include="..\..\..\SRC\analysis\integrator\NewmarkHSIncrLimit.cpp">
      <Filter>integrator</Filter>
    </ClCompile>
    <ClCompile Include="..\..\..\SRC\analysis\fe_ele\penalty\PenaltyMD_FE.cpp">
      <Filter>fe_ele</Filter>
    </ClCompile>
    <ClCompile Include="..\..\..\SRC\analysis\integrator\TRBDF3.cpp">
      <Filter>integrator</Filter>
    </ClCompile>
    <ClCompile Include="..\..\..\SRC\analysis\integrator\BackwardEuler.cpp">
      <Filter>integrator</Filter>
    </ClCompile>
    <ClCompile Include="..\..\..\SRC\analysis\integrator\Houbolt.cpp">
      <Filter>integrator</Filter>
    </ClCompile>
    <ClCompile Include="..\..\..\SRC\analysis\integrator\ParkLMS3.cpp">
      <Filter>integrator</Filter>
    </ClCompile>
    <ClCompile Include="..\..\..\SRC\analysis\integrator\ArcLengthy.cpp">
      <Filter>integrator</Filter>
    </ClCompile>
    <ClCompile Include="..\..\..\SRC\analysis\integrator\ArcLengthw.cpp">
      <Filter>integrator</Filter>
    </ClCompile>
    <ClCompile Include="..\..\..\SRC\analysis\analysis\PFEMAnalysis.cpp">
      <Filter>analysis</Filter>
    </ClCompile>
    <ClCompile Include="..\..\..\SRC\analysis\integrator\PFEMIntegrator.cpp">
      <Filter>integrator</Filter>
    </ClCompile>
  </ItemGroup>
  <ItemGroup>
    <ClInclude Include="..\..\..\SRC\analysis\analysis\Analysis.h">
      <Filter>analysis</Filter>
    </ClInclude>
    <ClInclude Include="..\..\..\SRC\analysis\analysis\DirectIntegrationAnalysis.h">
      <Filter>analysis</Filter>
    </ClInclude>
    <ClInclude Include="..\..\..\SRC\analysis\analysis\DomainDecompositionAnalysis.h">
      <Filter>analysis</Filter>
    </ClInclude>
    <ClInclude Include="..\..\..\SRC\analysis\analysis\EigenAnalysis.h">
      <Filter>analysis</Filter>
    </ClInclude>
    <ClInclude Include="..\..\..\SRC\analysis\analysis\RitzAnalysis.h">
      <Filter>analysis</Filter>
    </ClInclude>
    <ClInclude Include="..\..\..\SRC\analysis\analysis\StaticAnalysis.h">
      <Filter>analysis</Filter>
    </ClInclude>
    <ClInclude Include="..\..\..\SRC\analysis\analysis\TransientAnalysis.h">
      <Filter>analysis</Filter>
    </ClInclude>
    <ClInclude Include="..\..\..\SRC\analysis\analysis\VariableTimeStepDirectIntegrationAnalysis.h">
      <Filter>analysis</Filter>
    </ClInclude>
    <ClInclude Include="..\..\..\SRC\analysis\model\AnalysisModel.h">
      <Filter>model</Filter>
    </ClInclude>
    <ClInclude Include="..\..\..\SRC\analysis\model\DOF_GrpIter.h">
      <Filter>model</Filter>
    </ClInclude>
    <ClInclude Include="..\..\..\SRC\analysis\model\FE_EleIter.h">
      <Filter>model</Filter>
    </ClInclude>
    <ClInclude Include="..\..\..\SRC\analysis\fe_ele\FE_Element.h">
      <Filter>fe_ele</Filter>
    </ClInclude>
    <ClInclude Include="..\..\..\SRC\analysis\fe_ele\lagrange\LagrangeMP_FE.h">
      <Filter>fe_ele</Filter>
    </ClInclude>
    <ClInclude Include="..\..\..\SRC\analysis\fe_ele\lagrange\LagrangeSP_FE.h">
      <Filter>fe_ele</Filter>
    </ClInclude>
    <ClInclude Include="..\..\..\SRC\analysis\fe_ele\penalty\PenaltyMP_FE.h">
      <Filter>fe_ele</Filter>
    </ClInclude>
    <ClInclude Include="..\..\..\SRC\analysis\fe_ele\penalty\PenaltySP_FE.h">
      <Filter>fe_ele</Filter>
    </ClInclude>
    <ClInclude Include="..\..\..\SRC\analysis\fe_ele\transformation\TransformationFE.h">
      <Filter>fe_ele</Filter>
    </ClInclude>
    <ClInclude Include="..\..\..\SRC\analysis\dof_grp\DOF_Group.h">
      <Filter>dof_grp</Filter>
    </ClInclude>
    <ClInclude Include="..\..\..\SRC\analysis\dof_grp\LagrangeDOF_Group.h">
      <Filter>dof_grp</Filter>
    </ClInclude>
    <ClInclude Include="..\..\..\SRC\analysis\dof_grp\TransformationDOF_Group.h">
      <Filter>dof_grp</Filter>
    </ClInclude>
    <ClInclude Include="..\..\..\SRC\analysis\algorithm\equiSolnAlgo\AcceleratedNewton.h">
      <Filter>algorithm</Filter>
    </ClInclude>
    <ClInclude Include="..\..\..\SRC\analysis\algorithm\equiSolnAlgo\BFGS.h">
      <Filter>algorithm</Filter>
    </ClInclude>
    <ClInclude Include="..\..\..\SRC\analysis\algorithm\equiSolnAlgo\Broyden.h">
      <Filter>algorithm</Filter>
    </ClInclude>
    <ClInclude Include="..\..\..\SRC\analysis\algorithm\domainDecompAlgo\DomainDecompAlgo.h">
      <Filter>algorithm</Filter>
    </ClInclude>
    <ClInclude Include="..\..\..\SRC\analysis\algorithm\eigenAlgo\EigenAlgorithm.h">
      <Filter>algorithm</Filter>
    </ClInclude>
    <ClInclude Include="..\..\..\SRC\analysis\algorithm\equiSolnAlgo\EquiSolnAlgo.h">
      <Filter>algorithm</Filter>
    </ClInclude>
    <ClInclude Include="..\..\..\SRC\analysis\algorithm\equiSolnAlgo\KrylovNewton.h">
      <Filter>algorithm</Filter>
    </ClInclude>
    <ClInclude Include="..\..\..\SRC\analysis\algorithm\equiSolnAlgo\Linear.h">
      <Filter>algorithm</Filter>
    </ClInclude>
    <ClInclude Include="..\..\..\SRC\analysis\algorithm\equiSolnAlgo\ModifiedNewton.h">
      <Filter>algorithm</Filter>
    </ClInclude>
    <ClInclude Include="..\..\..\SRC\analysis\algorithm\equiSolnAlgo\NewtonLineSearch.h">
      <Filter>algorithm</Filter>
    </ClInclude>
    <ClInclude Include="..\..\..\SRC\analysis\algorithm\equiSolnAlgo\NewtonRaphson.h">
      <Filter>algorithm</Filter>
    </ClInclude>
    <ClInclude Include="..\..\..\SRC\analysis\algorithm\equiSolnAlgo\PeriodicNewton.h">
      <Filter>algorithm</Filter>
    </ClInclude>
    <ClInclude Include="..\..\..\SRC\analysis\algorithm\ritzAlgo\RitzAlgo.h">
      <Filter>algorithm</Filter>
    </ClInclude>
    <ClInclude Include="..\..\..\SRC\analysis\algorithm\ritzAlgo\RitzAlgorithm.h">
      <Filter>algorithm</Filter>
    </ClInclude>
    <ClInclude Include="..\..\..\SRC\analysis\algorithm\SolutionAlgorithm.h">
      <Filter>algorithm</Filter>
    </ClInclude>
    <ClInclude Include="..\..\..\SRC\analysis\algorithm\equiSolnAlgo\accelerator\Accelerator.h">
      <Filter>algorithm\accelerator</Filter>
    </ClInclude>
    <ClInclude Include="..\..\..\SRC\analysis\algorithm\equiSolnAlgo\accelerator\KrylovAccelerator.h">
      <Filter>algorithm\accelerator</Filter>
    </ClInclude>
    <ClInclude Include="..\..\..\SRC\analysis\algorithm\equiSolnAlgo\accelerator\PeriodicAccelerator.h">
      <Filter>algorithm\accelerator</Filter>
    </ClInclude>
    <ClInclude Include="..\..\..\SRC\analysis\algorithm\equiSolnAlgo\accelerator\RaphsonAccelerator.h">
      <Filter>algorithm\accelerator</Filter>
    </ClInclude>
    <ClInclude Include="..\..\..\SRC\analysis\algorithm\equiSolnAlgo\accelerator\SecantAccelerator1.h">
      <Filter>algorithm\accelerator</Filter>
    </ClInclude>
    <ClInclude Include="..\..\..\SRC\analysis\algorithm\equiSolnAlgo\accelerator\SecantAccelerator2.h">
      <Filter>algorithm\accelerator</Filter>
    </ClInclude>
    <ClInclude Include="..\..\..\SRC\analysis\algorithm\equiSolnAlgo\accelerator\SecantAccelerator3.h">
      <Filter>algorithm\accelerator</Filter>
    </ClInclude>
    <ClInclude Include="..\..\..\SRC\analysis\integrator\AlphaOS.h">
      <Filter>integrator</Filter>
    </ClInclude>
    <ClInclude Include="..\..\..\SRC\analysis\integrator\AlphaOSGeneralized.h">
      <Filter>integrator</Filter>
    </ClInclude>
    <ClInclude Include="..\..\..\SRC\analysis\integrator\ArcLength.h">
      <Filter>integrator</Filter>
    </ClInclude>
    <ClInclude Include="..\..\..\SRC\analysis\integrator\ArcLength1.h">
      <Filter>integrator</Filter>
    </ClInclude>
    <ClInclude Include="..\..\..\SRC\analysis\integrator\CentralDifference.h">
      <Filter>integrator</Filter>
    </ClInclude>
    <ClInclude Include="..\..\..\SRC\analysis\integrator\CentralDifferenceAlternative.h">
      <Filter>integrator</Filter>
    </ClInclude>
    <ClInclude Include="..\..\..\SRC\analysis\integrator\CentralDifferenceNoDamping.h">
      <Filter>integrator</Filter>
    </ClInclude>
    <ClInclude Include="..\..\..\SRC\analysis\integrator\Collocation.h">
      <Filter>integrator</Filter>
    </ClInclude>
    <ClInclude Include="..\..\..\SRC\analysis\integrator\CollocationHSFixedNumIter.h">
      <Filter>integrator</Filter>
    </ClInclude>
    <ClInclude Include="..\..\..\SRC\analysis\integrator\CollocationHSIncrReduct.h">
      <Filter>integrator</Filter>
    </ClInclude>
    <ClInclude Include="..\..\..\SRC\analysis\integrator\DisplacementControl.h">
      <Filter>integrator</Filter>
    </ClInclude>
    <ClInclude Include="..\..\..\SRC\analysis\integrator\DisplacementPath.h">
      <Filter>integrator</Filter>
    </ClInclude>
    <ClInclude Include="..\..\..\SRC\analysis\integrator\DistributedDisplacementControl.h">
      <Filter>integrator</Filter>
    </ClInclude>
    <ClInclude Include="..\..\..\SRC\analysis\integrator\EigenIntegrator.h">
      <Filter>integrator</Filter>
    </ClInclude>
    <ClInclude Include="..\..\..\SRC\analysis\integrator\GeneralizedAlpha.h">
      <Filter>integrator</Filter>
    </ClInclude>
    <ClInclude Include="..\..\..\SRC\analysis\integrator\HHT.h">
      <Filter>integrator</Filter>
    </ClInclude>
    <ClInclude Include="..\..\..\SRC\analysis\integrator\HHT1.h">
      <Filter>integrator</Filter>
    </ClInclude>
    <ClInclude Include="..\..\..\SRC\analysis\integrator\HHTExplicit.h">
      <Filter>integrator</Filter>
    </ClInclude>
    <ClInclude Include="..\..\..\SRC\analysis\integrator\HHTGeneralized.h">
      <Filter>integrator</Filter>
    </ClInclude>
    <ClInclude Include="..\..\..\SRC\analysis\integrator\HHTGeneralizedExplicit.h">
      <Filter>integrator</Filter>
    </ClInclude>
    <ClInclude Include="..\..\..\SRC\analysis\integrator\HHTHSFixedNumIter.h">
      <Filter>integrator</Filter>
    </ClInclude>
    <ClInclude Include="..\..\..\SRC\analysis\integrator\HHTHSIncrReduct.h">
      <Filter>integrator</Filter>
    </ClInclude>
    <ClInclude Include="..\..\..\SRC\analysis\integrator\HSConstraint.h">
      <Filter>integrator</Filter>
    </ClInclude>
    <ClInclude Include="..\..\..\SRC\analysis\integrator\IncrementalIntegrator.h">
      <Filter>integrator</Filter>
    </ClInclude>
    <ClInclude Include="..\..\..\SRC\analysis\integrator\Integrator.h">
      <Filter>integrator</Filter>
    </ClInclude>
    <ClInclude Include="..\..\..\SRC\analysis\integrator\LoadControl.h">
      <Filter>integrator</Filter>
    </ClInclude>
    <ClInclude Include="..\..\..\SRC\analysis\integrator\LoadPath.h">
      <Filter>integrator</Filter>
    </ClInclude>
    <ClInclude Include="..\..\..\SRC\analysis\integrator\MinUnbalDispNorm.h">
      <Filter>integrator</Filter>
    </ClInclude>
    <ClInclude Include="..\..\..\SRC\analysis\integrator\Newmark.h">
      <Filter>integrator</Filter>
    </ClInclude>
    <ClInclude Include="..\..\..\SRC\analysis\integrator\Newmark1.h">
      <Filter>integrator</Filter>
    </ClInclude>
    <ClInclude Include="..\..\..\SRC\analysis\integrator\NewmarkExplicit.h">
      <Filter>integrator</Filter>
    </ClInclude>
    <ClInclude Include="..\..\..\SRC\analysis\integrator\NewmarkHSFixedNumIter.h">
      <Filter>integrator</Filter>
    </ClInclude>
    <ClInclude Include="..\..\..\SRC\analysis\integrator\NewmarkHSIncrReduct.h">
      <Filter>integrator</Filter>
    </ClInclude>
    <ClInclude Include="..\..\..\SRC\analysis\integrator\RitzIntegrator.h">
      <Filter>integrator</Filter>
    </ClInclude>
    <ClInclude Include="..\..\..\SRC\analysis\integrator\StaticIntegrator.h">
      <Filter>integrator</Filter>
    </ClInclude>
    <ClInclude Include="..\..\..\SRC\analysis\integrator\TransientIntegrator.h">
      <Filter>integrator</Filter>
    </ClInclude>
    <ClInclude Include="..\..\..\SRC\analysis\integrator\TRBDF2.h">
      <Filter>integrator</Filter>
    </ClInclude>
    <ClInclude Include="..\..\..\SRC\analysis\integrator\WilsonTheta.h">
      <Filter>integrator</Filter>
    </ClInclude>
    <ClInclude Include="..\..\..\SRC\analysis\numberer\DOF_Numberer.h">
      <Filter>numberer</Filter>
    </ClInclude>
    <ClInclude Include="..\..\..\SRC\analysis\numberer\PlainNumberer.h">
      <Filter>numberer</Filter>
    </ClInclude>
    <ClInclude Include="..\..\..\SRC\analysis\handler\ConstraintHandler.h">
      <Filter>handler</Filter>
    </ClInclude>
    <ClInclude Include="..\..\..\SRC\analysis\handler\LagrangeConstraintHandler.h">
      <Filter>handler</Filter>
    </ClInclude>
    <ClInclude Include="..\..\..\SRC\analysis\handler\PenaltyConstraintHandler.h">
      <Filter>handler</Filter>
    </ClInclude>
    <ClInclude Include="..\..\..\SRC\analysis\handler\PlainHandler.h">
      <Filter>handler</Filter>
    </ClInclude>
    <ClInclude Include="..\..\..\SRC\analysis\handler\TransformationConstraintHandler.h">
      <Filter>handler</Filter>
    </ClInclude>
    <ClInclude Include="..\..\..\SRC\analysis\algorithm\equiSolnAlgo\BisectionLineSearch.h">
      <Filter>lineSearch</Filter>
    </ClInclude>
    <ClInclude Include="..\..\..\SRC\analysis\algorithm\equiSolnAlgo\InitialInterpolatedLineSearch.h">
      <Filter>lineSearch</Filter>
    </ClInclude>
    <ClInclude Include="..\..\..\SRC\analysis\algorithm\equiSolnAlgo\LineSearch.h">
      <Filter>lineSearch</Filter>
    </ClInclude>
    <ClInclude Include="..\..\..\SRC\analysis\algorithm\equiSolnAlgo\RegulaFalsiLineSearch.h">
      <Filter>lineSearch</Filter>
    </ClInclude>
    <ClInclude Include="..\..\..\SRC\analysis\algorithm\equiSolnAlgo\SecantLineSearch.h">
      <Filter>lineSearch</Filter>
    </ClInclude>
    <ClInclude Include="..\..\..\SRC\analysis\integrator\CollocationHSIncrLimit.h">
      <Filter>integrator</Filter>
    </ClInclude>
    <ClInclude Include="..\..\..\SRC\analysis\integrator\HHTHSIncrLimit.h">
      <Filter>integrator</Filter>
    </ClInclude>
    <ClInclude Include="..\..\..\SRC\analysis\integrator\NewmarkHSIncrLimit.h">
      <Filter>integrator</Filter>
    </ClInclude>
    <ClInclude Include="..\..\..\SRC\analysis\fe_ele\penalty\PenaltyMD_FE.h">
      <Filter>fe_ele</Filter>
    </ClInclude>
    <ClInclude Include="..\..\..\SRC\analysis\integrator\TRBDF3.h">
      <Filter>integrator</Filter>
    </ClInclude>
    <ClInclude Include="..\..\..\SRC\analysis\integrator\BackwardEuler.h">
      <Filter>integrator</Filter>
    </ClInclude>
    <ClInclude Include="..\..\..\SRC\analysis\integrator\Houbolt.h">
      <Filter>integrator</Filter>
    </ClInclude>
    <ClInclude Include="..\..\..\SRC\analysis\integrator\ParkLMS3.h">
      <Filter>integrator</Filter>
    </ClInclude>
    <ClInclude Include="..\..\..\SRC\analysis\integrator\ArcLengthy.h">
      <Filter>integrator</Filter>
    </ClInclude>
    <ClInclude Include="..\..\..\SRC\analysis\integrator\ArcLengthw.h">
      <Filter>integrator</Filter>
    </ClInclude>
    <ClInclude Include="..\..\..\SRC\analysis\analysis\PFEMAnalysis.h">
      <Filter>analysis</Filter>
    </ClInclude>
    <ClInclude Include="..\..\..\SRC\analysis\integrator\PFEMIntegrator.h">
      <Filter>integrator</Filter>
    </ClInclude>
  </ItemGroup>
</Project>