<?xml version="1.0" encoding="utf-8"?>
<Project ToolsVersion="4.0" xmlns="http://schemas.microsoft.com/developer/msbuild/2003">
  <ItemGroup>
    <Filter Include="Source Files">
      <UniqueIdentifier>{1d3bb404-7a20-4858-9f2e-41e431751f11}</UniqueIdentifier>
      <Extensions>cpp;c;cxx;rc;def;r;odl;idl;hpj;bat</Extensions>
    </Filter>
    <Filter Include="Header Files">
      <UniqueIdentifier>{5e52294f-2d5f-4439-bfac-9770a8d44f71}</UniqueIdentifier>
      <Extensions>h;hpp;hxx;hm;inl</Extensions>
    </Filter>
    <Filter Include="response">
      <UniqueIdentifier>{58c0a138-3cef-407f-8c9e-f8ebfd9251c2}</UniqueIdentifier>
    </Filter>
  </ItemGroup>
  <ItemGroup>
    <ClCompile Include="..\..\..\SRC\recorder\AlgorithmIncrements.cpp">
      <Filter>Source Files</Filter>
    </ClCompile>
    <ClCompile Include="..\..\..\SRC\recorder\DamageRecorder.cpp">
      <Filter>Source Files</Filter>
    </ClCompile>
    <ClCompile Include="..\..\..\SRC\recorder\DatastoreRecorder.cpp">
      <Filter>Source Files</Filter>
    </ClCompile>
    <ClCompile Include="..\..\..\SRC\recorder\DriftRecorder.cpp">
      <Filter>Source Files</Filter>
    </ClCompile>
    <ClCompile Include="..\..\..\SRC\recorder\ElementRecorder.cpp">
      <Filter>Source Files</Filter>
    </ClCompile>
    <ClCompile Include="..\..\..\SRC\recorder\EnvelopeDriftRecorder.cpp">
      <Filter>Source Files</Filter>
    </ClCompile>
    <ClCompile Include="..\..\..\SRC\recorder\EnvelopeElementRecorder.cpp">
      <Filter>Source Files</Filter>
    </ClCompile>
    <ClCompile Include="..\..\..\SRC\recorder\EnvelopeNodeRecorder.cpp">
      <Filter>Source Files</Filter>
    </ClCompile>
    <ClCompile Include="..\..\..\SRC\recorder\FilePlotter.cpp">
      <Filter>Source Files</Filter>
    </ClCompile>
    <ClCompile Include="..\..\..\Src\recorder\GSA_Recorder.cpp">
      <Filter>Source Files</Filter>
    </ClCompile>
    <ClCompile Include="..\..\..\SRC\recorder\MaxNodeDispRecorder.cpp">
      <Filter>Source Files</Filter>
    </ClCompile>
    <ClCompile Include="..\..\..\SRC\recorder\NodeRecorder.cpp">
      <Filter>Source Files</Filter>
    </ClCompile>
    <ClCompile Include="..\..\..\SRC\recorder\PatternRecorder.cpp">
      <Filter>Source Files</Filter>
    </ClCompile>
    <ClCompile Include="..\..\..\SRC\recorder\Recorder.cpp">
      <Filter>Source Files</Filter>
    </ClCompile>
    <ClCompile Include="..\..\..\SRC\recorder\RemoveRecorder.cpp">
      <Filter>Source Files</Filter>
    </ClCompile>
    <ClCompile Include="..\..\..\SRC\recorder\TclRecorderCommands.cpp">
      <Filter>Source Files</Filter>
    </ClCompile>
    <ClCompile Include="..\..\..\SRC\recorder\response\ElementResponse.cpp">
      <Filter>response</Filter>
    </ClCompile>
    <ClCompile Include="..\..\..\SRC\recorder\response\FiberResponse.cpp">
      <Filter>response</Filter>
    </ClCompile>
    <ClCompile Include="..\..\..\SRC\recorder\response\MaterialResponse.cpp">
      <Filter>response</Filter>
    </ClCompile>
    <ClCompile Include="..\..\..\SRC\recorder\response\Response.cpp">
      <Filter>response</Filter>
    </ClCompile>
    <ClCompile Include="..\..\..\SRC\recorder\response\CompositeResponse.cpp">
      <Filter>response</Filter>
    </ClCompile>
    <ClCompile Include="..\..\..\SRC\recorder\ElementGiDRecorder.cpp">
      <Filter>Source Files</Filter>
    </ClCompile>
    <ClCompile Include="..\..\..\SRC\recorder\NodeGiDRecorder.cpp">
      <Filter>Source Files</Filter>
    </ClCompile>
    <ClCompile Include="..\..\..\SRC\recorder\NormElementRecorder.cpp">
      <Filter>Source Files</Filter>
    </ClCompile>
    <ClCompile Include="..\..\..\SRC\recorder\NormEnvelopeElementRecorder.cpp">
      <Filter>Source Files</Filter>
    </ClCompile>
  </ItemGroup>
  <ItemGroup>
    <ClInclude Include="..\..\..\SRC\recorder\DamageRecorder.h">
      <Filter>Source Files</Filter>
    </ClInclude>
    <ClInclude Include="..\..\..\SRC\recorder\AlgorithmIncrements.h">
      <Filter>Header Files</Filter>
    </ClInclude>
    <ClInclude Include="..\..\..\SRC\recorder\DatastoreRecorder.h">
      <Filter>Header Files</Filter>
    </ClInclude>
    <ClInclude Include="..\..\..\SRC\recorder\DriftRecorder.h">
      <Filter>Header Files</Filter>
    </ClInclude>
    <ClInclude Include="..\..\..\SRC\recorder\ElementRecorder.h">
      <Filter>Header Files</Filter>
    </ClInclude>
    <ClInclude Include="..\..\..\SRC\recorder\EnvelopeElementRecorder.h">
      <Filter>Header Files</Filter>
    </ClInclude>
    <ClInclude Include="..\..\..\SRC\recorder\EnvelopeNodeRecorder.h">
      <Filter>Header Files</Filter>
    </ClInclude>
    <ClInclude Include="..\..\..\SRC\recorder\FilePlotter.h">
      <Filter>Header Files</Filter>
    </ClInclude>
    <ClInclude Include="..\..\..\Src\recorder\GSA_Recorder.h">
      <Filter>Header Files</Filter>
    </ClInclude>
    <ClInclude Include="..\..\..\SRC\recorder\MaxNodeDispRecorder.h">
      <Filter>Header Files</Filter>
    </ClInclude>
    <ClInclude Include="..\..\..\SRC\recorder\NodeRecorder.h">
      <Filter>Header Files</Filter>
    </ClInclude>
    <ClInclude Include="..\..\..\SRC\recorder\PatternRecorder.h">
      <Filter>Header Files</Filter>
    </ClInclude>
    <ClInclude Include="..\..\..\SRC\recorder\Recorder.h">
      <Filter>Header Files</Filter>
    </ClInclude>
    <ClInclude Include="..\..\..\SRC\recorder\RemoveRecorder.h">
      <Filter>Header Files</Filter>
    </ClInclude>
    <ClInclude Include="..\..\..\SRC\recorder\response\ElementResponse.h">
      <Filter>response</Filter>
    </ClInclude>
    <ClInclude Include="..\..\..\SRC\recorder\response\FiberResponse.h">
      <Filter>response</Filter>
    </ClInclude>
    <ClInclude Include="..\..\..\SRC\recorder\response\MaterialResponse.h">
      <Filter>response</Filter>
    </ClInclude>
    <ClInclude Include="..\..\..\SRC\recorder\response\Response.h">
      <Filter>response</Filter>
    </ClInclude>
    <ClInclude Include="..\..\..\SRC\recorder\response\CompositeResponse.h">
      <Filter>response</Filter>
    </ClInclude>
    <ClInclude Include="..\..\..\SRC\recorder\ElementGiDRecorder.h">
      <Filter>Header Files</Filter>
    </ClInclude>
    <ClInclude Include="..\..\..\SRC\recorder\NodeGiDRecorder.h">
      <Filter>Header Files</Filter>
    </ClInclude>
    <ClInclude Include="..\..\..\SRC\recorder\EnvelopeDriftRecorder.h">
      <Filter>Header Files</Filter>
    </ClInclude>
    <ClInclude Include="..\..\..\SRC\recorder\YsVisual.h">
      <Filter>Header Files</Filter>
    </ClInclude>
    <ClInclude Include="..\..\..\SRC\recorder\NormEnvelopeElementRecorder.h">
      <Filter>Header Files</Filter>
    </ClInclude>
    <ClInclude Include="..\..\..\SRC\recorder\NormElementRecorder.h">
      <Filter>Header Files</Filter>
    </ClInclude>
  </ItemGroup>
</Project>